// !$*UTF8*$!
{
	archiveVersion = 1;
	classes = {
	};
	objectVersion = 44;
	objects = {

/* Begin PBXBuildFile section */
		45BFA26B1060DF5E00307BE8 /* libIPlug.a in Frameworks */ = {isa = PBXBuildFile; fileRef = 45BFA2581060DDDB00307BE8 /* libIPlug.a */; };
		45BFA2861060DFDB00307BE8 /* libIPlug.a in Frameworks */ = {isa = PBXBuildFile; fileRef = 45BFA2581060DDDB00307BE8 /* libIPlug.a */; };
		522988B10D14D52B00B3A00C /* IPlugExample.h in Headers */ = {isa = PBXBuildFile; fileRef = 52FBBED20D0CF13D001C8B8A /* IPlugExample.h */; };
		523F19130D19AD7600ACA98D /* BG_400x200.png in Resources */ = {isa = PBXBuildFile; fileRef = 52E8440E0D0E55A200961B48 /* BG_400x200.png */; };
		523F19140D19AD7A00ACA98D /* fader-cap_sm.png in Resources */ = {isa = PBXBuildFile; fileRef = 52E8440F0D0E55A200961B48 /* fader-cap_sm.png */; };
		523F19150D19AD7E00ACA98D /* knob_sm.png in Resources */ = {isa = PBXBuildFile; fileRef = 52E844100D0E55A200961B48 /* knob_sm.png */; };
		523F19160D19AD8100ACA98D /* toggle-switch.png in Resources */ = {isa = PBXBuildFile; fileRef = 52E844110D0E55A200961B48 /* toggle-switch.png */; };
		523F19170D19AD8500ACA98D /* VU-meter_sm.png in Resources */ = {isa = PBXBuildFile; fileRef = 52E844120D0E55A200961B48 /* VU-meter_sm.png */; };
		525FE3870D15C0E900E4C9FB /* IPlugAU.r in Rez */ = {isa = PBXBuildFile; fileRef = 525FE3860D15C0E900E4C9FB /* IPlugAU.r */; };
		526F9C020D7DC7D700562CF8 /* IPlugExample.exp in Sources */ = {isa = PBXBuildFile; fileRef = 526F9C010D7DC7D700562CF8 /* IPlugExample.exp */; };
		526F9C030D7DC7D700562CF8 /* IPlugExample.exp in Sources */ = {isa = PBXBuildFile; fileRef = 526F9C010D7DC7D700562CF8 /* IPlugExample.exp */; };
		52780D5E0D20A3FC00C2BCA7 /* IPlugAU_ViewFactory.mm in Sources */ = {isa = PBXBuildFile; fileRef = 52780D5D0D20A3FC00C2BCA7 /* IPlugAU_ViewFactory.mm */; };
		52C4DB190D0E51270007A920 /* Carbon.framework in Frameworks */ = {isa = PBXBuildFile; fileRef = 52C4DB180D0E51270007A920 /* Carbon.framework */; };
		52E41BB70D14C11C00A0943B /* IPlugExample.cpp in Sources */ = {isa = PBXBuildFile; fileRef = 52FBBED00D0CF139001C8B8A /* IPlugExample.cpp */; };
		52E41C7A0D14C12800A0943B /* Carbon.framework in Frameworks */ = {isa = PBXBuildFile; fileRef = 52C4DB180D0E51270007A920 /* Carbon.framework */; };
		52E41C7F0D14C12C00A0943B /* Cocoa.framework in Frameworks */ = {isa = PBXBuildFile; fileRef = 1058C7ADFEA557BF11CA2CBB /* Cocoa.framework */; };
		52E41DA70D14C2DC00A0943B /* AudioToolbox.framework in Frameworks */ = {isa = PBXBuildFile; fileRef = 52E41D920D14C2D600A0943B /* AudioToolbox.framework */; };
		52E41DA80D14C2DF00A0943B /* AudioUnit.framework in Frameworks */ = {isa = PBXBuildFile; fileRef = 52E41D7E0D14C2D100A0943B /* AudioUnit.framework */; };
		52E41DA90D14C2E400A0943B /* CoreServices.framework in Frameworks */ = {isa = PBXBuildFile; fileRef = 52E41CC40D14C2B000A0943B /* CoreServices.framework */; };
		52E41DAA0D14C2E700A0943B /* CoreAudio.framework in Frameworks */ = {isa = PBXBuildFile; fileRef = 52E41CB90D14C2A900A0943B /* CoreAudio.framework */; };
		52E844130D0E55A200961B48 /* BG_400x200.png in Resources */ = {isa = PBXBuildFile; fileRef = 52E8440E0D0E55A200961B48 /* BG_400x200.png */; };
		52E844140D0E55A200961B48 /* fader-cap_sm.png in Resources */ = {isa = PBXBuildFile; fileRef = 52E8440F0D0E55A200961B48 /* fader-cap_sm.png */; };
		52E844150D0E55A200961B48 /* knob_sm.png in Resources */ = {isa = PBXBuildFile; fileRef = 52E844100D0E55A200961B48 /* knob_sm.png */; };
		52E844160D0E55A200961B48 /* toggle-switch.png in Resources */ = {isa = PBXBuildFile; fileRef = 52E844110D0E55A200961B48 /* toggle-switch.png */; };
		52E844170D0E55A200961B48 /* VU-meter_sm.png in Resources */ = {isa = PBXBuildFile; fileRef = 52E844120D0E55A200961B48 /* VU-meter_sm.png */; };
		52FBBED10D0CF139001C8B8A /* IPlugExample.cpp in Sources */ = {isa = PBXBuildFile; fileRef = 52FBBED00D0CF139001C8B8A /* IPlugExample.cpp */; };
		8D5B49B4048680CD000E48DA /* Cocoa.framework in Frameworks */ = {isa = PBXBuildFile; fileRef = 1058C7ADFEA557BF11CA2CBB /* Cocoa.framework */; };
/* End PBXBuildFile section */

/* Begin PBXContainerItemProxy section */
		45BFA2571060DDDB00307BE8 /* PBXContainerItemProxy */ = {
			isa = PBXContainerItemProxy;
			containerPortal = 52DC4B560D29B54E00DD0B91 /* IPlug.xcodeproj */;
			proxyType = 2;
			remoteGlobalIDString = D2AAC07E0554694100DB518D;
			remoteInfo = IPlug;
		};
/* End PBXContainerItemProxy section */

/* Begin PBXCopyFilesBuildPhase section */
		522988A80D14D49B00B3A00C /* CopyFiles */ = {
			isa = PBXCopyFilesBuildPhase;
			buildActionMask = 2147483647;
			dstPath = "";
			dstSubfolderSpec = 7;
			files = (
			);
			runOnlyForDeploymentPostprocessing = 0;
		};
		525C4CEC0D1CD7EE00AB2038 /* CopyFiles */ = {
			isa = PBXCopyFilesBuildPhase;
			buildActionMask = 2147483647;
			dstPath = "";
			dstSubfolderSpec = 7;
			files = (
			);
			runOnlyForDeploymentPostprocessing = 0;
		};
/* End PBXCopyFilesBuildPhase section */

/* Begin PBXFileReference section */
		089C1672FE841209C02AAC07 /* Foundation.framework */ = {isa = PBXFileReference; lastKnownFileType = wrapper.framework; name = Foundation.framework; path = /System/Library/Frameworks/Foundation.framework; sourceTree = "<absolute>"; };
		089C167FFE841241C02AAC07 /* AppKit.framework */ = {isa = PBXFileReference; lastKnownFileType = wrapper.framework; name = AppKit.framework; path = /System/Library/Frameworks/AppKit.framework; sourceTree = "<absolute>"; };
		1058C7ADFEA557BF11CA2CBB /* Cocoa.framework */ = {isa = PBXFileReference; lastKnownFileType = wrapper.framework; name = Cocoa.framework; path = /System/Library/Frameworks/Cocoa.framework; sourceTree = "<absolute>"; };
		32DBCF630370AF2F00C91783 /* IPlugExample_Prefix.pch */ = {isa = PBXFileReference; fileEncoding = 4; lastKnownFileType = sourcecode.c.h; path = IPlugExample_Prefix.pch; sourceTree = "<group>"; };
		525FE3860D15C0E900E4C9FB /* IPlugAU.r */ = {isa = PBXFileReference; fileEncoding = 4; lastKnownFileType = sourcecode.rez; name = IPlugAU.r; path = ../IPlugAU.r; sourceTree = SOURCE_ROOT; };
		526F9C010D7DC7D700562CF8 /* IPlugExample.exp */ = {isa = PBXFileReference; fileEncoding = 4; lastKnownFileType = sourcecode.exports; path = IPlugExample.exp; sourceTree = "<group>"; };
		5276FBE30D158937006A299A /* IPlug_include_in_plug_hdr.h */ = {isa = PBXFileReference; fileEncoding = 4; lastKnownFileType = sourcecode.c.h; name = IPlug_include_in_plug_hdr.h; path = ../IPlug_include_in_plug_hdr.h; sourceTree = SOURCE_ROOT; };
		5276FBE40D15893B006A299A /* IPlug_include_in_plug_src.h */ = {isa = PBXFileReference; fileEncoding = 4; lastKnownFileType = sourcecode.c.h; name = IPlug_include_in_plug_src.h; path = ../IPlug_include_in_plug_src.h; sourceTree = SOURCE_ROOT; };
		52780D5D0D20A3FC00C2BCA7 /* IPlugAU_ViewFactory.mm */ = {isa = PBXFileReference; fileEncoding = 4; lastKnownFileType = sourcecode.cpp.objcpp; name = IPlugAU_ViewFactory.mm; path = ../IPlugAU_ViewFactory.mm; sourceTree = SOURCE_ROOT; };
		528A62261159258E00BD5F20 /* AudioUnit.framework */ = {isa = PBXFileReference; lastKnownFileType = wrapper.framework; name = AudioUnit.framework; path = System/Library/Frameworks/AudioUnit.framework; sourceTree = SDKROOT; };
		528A62281159258E00BD5F20 /* Carbon.framework */ = {isa = PBXFileReference; lastKnownFileType = wrapper.framework; name = Carbon.framework; path = System/Library/Frameworks/Carbon.framework; sourceTree = SDKROOT; };
		528A622A1159258E00BD5F20 /* Cocoa.framework */ = {isa = PBXFileReference; lastKnownFileType = wrapper.framework; name = Cocoa.framework; path = System/Library/Frameworks/Cocoa.framework; sourceTree = SDKROOT; };
		528A622C1159258E00BD5F20 /* CoreAudio.framework */ = {isa = PBXFileReference; lastKnownFileType = wrapper.framework; name = CoreAudio.framework; path = System/Library/Frameworks/CoreAudio.framework; sourceTree = SDKROOT; };
		52C4DB180D0E51270007A920 /* Carbon.framework */ = {isa = PBXFileReference; lastKnownFileType = wrapper.framework; name = Carbon.framework; path = /System/Library/Frameworks/Carbon.framework; sourceTree = "<absolute>"; };
		52DC4B560D29B54E00DD0B91 /* IPlug.xcodeproj */ = {isa = PBXFileReference; lastKnownFileType = "wrapper.pb-project"; name = IPlug.xcodeproj; path = ../IPlug.xcodeproj; sourceTree = SOURCE_ROOT; };
		52E41BB20D14C0F500A0943B /* IPlugExample.component */ = {isa = PBXFileReference; explicitFileType = wrapper.cfbundle; includeInIndex = 0; path = IPlugExample.component; sourceTree = BUILT_PRODUCTS_DIR; };
		52E41BB30D14C0F500A0943B /* IPlugExampleAU-Info.plist */ = {isa = PBXFileReference; lastKnownFileType = text.plist.xml; path = "IPlugExampleAU-Info.plist"; sourceTree = "<group>"; };
		52E41CB90D14C2A900A0943B /* CoreAudio.framework */ = {isa = PBXFileReference; lastKnownFileType = wrapper.framework; name = CoreAudio.framework; path = /System/Library/Frameworks/CoreAudio.framework; sourceTree = "<absolute>"; };
		52E41CC40D14C2B000A0943B /* CoreServices.framework */ = {isa = PBXFileReference; lastKnownFileType = wrapper.framework; name = CoreServices.framework; path = /System/Library/Frameworks/CoreServices.framework; sourceTree = "<absolute>"; };
		52E41D7E0D14C2D100A0943B /* AudioUnit.framework */ = {isa = PBXFileReference; lastKnownFileType = wrapper.framework; name = AudioUnit.framework; path = /System/Library/Frameworks/AudioUnit.framework; sourceTree = "<absolute>"; };
		52E41D920D14C2D600A0943B /* AudioToolbox.framework */ = {isa = PBXFileReference; lastKnownFileType = wrapper.framework; name = AudioToolbox.framework; path = /System/Library/Frameworks/AudioToolbox.framework; sourceTree = "<absolute>"; };
		52E8440E0D0E55A200961B48 /* BG_400x200.png */ = {isa = PBXFileReference; lastKnownFileType = image.png; path = BG_400x200.png; sourceTree = "<group>"; };
		52E8440F0D0E55A200961B48 /* fader-cap_sm.png */ = {isa = PBXFileReference; lastKnownFileType = image.png; path = "fader-cap_sm.png"; sourceTree = "<group>"; };
		52E844100D0E55A200961B48 /* knob_sm.png */ = {isa = PBXFileReference; lastKnownFileType = image.png; path = knob_sm.png; sourceTree = "<group>"; };
		52E844110D0E55A200961B48 /* toggle-switch.png */ = {isa = PBXFileReference; lastKnownFileType = image.png; path = "toggle-switch.png"; sourceTree = "<group>"; };
		52E844120D0E55A200961B48 /* VU-meter_sm.png */ = {isa = PBXFileReference; lastKnownFileType = image.png; path = "VU-meter_sm.png"; sourceTree = "<group>"; };
		52FBBED00D0CF139001C8B8A /* IPlugExample.cpp */ = {isa = PBXFileReference; fileEncoding = 4; lastKnownFileType = sourcecode.cpp.cpp; path = IPlugExample.cpp; sourceTree = "<group>"; };
		52FBBED20D0CF13D001C8B8A /* IPlugExample.h */ = {isa = PBXFileReference; fileEncoding = 4; lastKnownFileType = sourcecode.c.h; path = IPlugExample.h; sourceTree = "<group>"; };
		52FBBED30D0CF143001C8B8A /* resource.h */ = {isa = PBXFileReference; fileEncoding = 4; lastKnownFileType = sourcecode.c.h; path = resource.h; sourceTree = "<group>"; };
		8D5B49B6048680CD000E48DA /* IPlugExample.vst */ = {isa = PBXFileReference; explicitFileType = wrapper.cfbundle; includeInIndex = 0; path = IPlugExample.vst; sourceTree = BUILT_PRODUCTS_DIR; };
		8D5B49B7048680CD000E48DA /* Info.plist */ = {isa = PBXFileReference; fileEncoding = 4; lastKnownFileType = text.plist.xml; path = Info.plist; sourceTree = "<group>"; };
		D2F7E65807B2D6F200F64583 /* CoreData.framework */ = {isa = PBXFileReference; lastKnownFileType = wrapper.framework; name = CoreData.framework; path = /System/Library/Frameworks/CoreData.framework; sourceTree = "<absolute>"; };
/* End PBXFileReference section */

/* Begin PBXFrameworksBuildPhase section */
		52E41BB00D14C0F500A0943B /* Frameworks */ = {
			isa = PBXFrameworksBuildPhase;
			buildActionMask = 2147483647;
			files = (
				52E41C7A0D14C12800A0943B /* Carbon.framework in Frameworks */,
				52E41C7F0D14C12C00A0943B /* Cocoa.framework in Frameworks */,
				52E41DA70D14C2DC00A0943B /* AudioToolbox.framework in Frameworks */,
				52E41DA80D14C2DF00A0943B /* AudioUnit.framework in Frameworks */,
				52E41DA90D14C2E400A0943B /* CoreServices.framework in Frameworks */,
				52E41DAA0D14C2E700A0943B /* CoreAudio.framework in Frameworks */,
				45BFA2861060DFDB00307BE8 /* libIPlug.a in Frameworks */,
			);
			runOnlyForDeploymentPostprocessing = 0;
		};
		8D5B49B3048680CD000E48DA /* Frameworks */ = {
			isa = PBXFrameworksBuildPhase;
			buildActionMask = 2147483647;
			files = (
				8D5B49B4048680CD000E48DA /* Cocoa.framework in Frameworks */,
				52C4DB190D0E51270007A920 /* Carbon.framework in Frameworks */,
				45BFA26B1060DF5E00307BE8 /* libIPlug.a in Frameworks */,
			);
			runOnlyForDeploymentPostprocessing = 0;
		};
/* End PBXFrameworksBuildPhase section */

/* Begin PBXGroup section */
		089C166AFE841209C02AAC07 /* IPlugExample */ = {
			isa = PBXGroup;
			children = (
				526F9C010D7DC7D700562CF8 /* IPlugExample.exp */,
				52780D5D0D20A3FC00C2BCA7 /* IPlugAU_ViewFactory.mm */,
				525FE3860D15C0E900E4C9FB /* IPlugAU.r */,
				5276FBE40D15893B006A299A /* IPlug_include_in_plug_src.h */,
				5276FBE30D158937006A299A /* IPlug_include_in_plug_hdr.h */,
				52FBBED30D0CF143001C8B8A /* resource.h */,
				52FBBED20D0CF13D001C8B8A /* IPlugExample.h */,
				52FBBED00D0CF139001C8B8A /* IPlugExample.cpp */,
				08FB77AFFE84173DC02AAC07 /* Classes */,
				32C88E010371C26100C91783 /* Other Sources */,
				089C167CFE841241C02AAC07 /* Resources */,
				089C1671FE841209C02AAC07 /* Frameworks and Libraries */,
				19C28FB8FE9D52D311CA2CBB /* Products */,
			);
			name = IPlugExample;
			sourceTree = "<group>";
		};
		089C1671FE841209C02AAC07 /* Frameworks and Libraries */ = {
			isa = PBXGroup;
			children = (
				1058C7ACFEA557BF11CA2CBB /* Linked Frameworks */,
				1058C7AEFEA557BF11CA2CBB /* Other Frameworks */,
			);
			name = "Frameworks and Libraries";
			sourceTree = "<group>";
		};
		089C167CFE841241C02AAC07 /* Resources */ = {
			isa = PBXGroup;
			children = (
				52E8440D0D0E55A200961B48 /* img */,
				8D5B49B7048680CD000E48DA /* Info.plist */,
				52E41BB30D14C0F500A0943B /* IPlugExampleAU-Info.plist */,
			);
			name = Resources;
			sourceTree = "<group>";
		};
		08FB77AFFE84173DC02AAC07 /* Classes */ = {
			isa = PBXGroup;
			children = (
			);
			name = Classes;
			sourceTree = "<group>";
		};
		1058C7ACFEA557BF11CA2CBB /* Linked Frameworks */ = {
			isa = PBXGroup;
			children = (
				52DC4B560D29B54E00DD0B91 /* IPlug.xcodeproj */,
				52E41D920D14C2D600A0943B /* AudioToolbox.framework */,
				52E41D7E0D14C2D100A0943B /* AudioUnit.framework */,
				52E41CC40D14C2B000A0943B /* CoreServices.framework */,
				52E41CB90D14C2A900A0943B /* CoreAudio.framework */,
				52C4DB180D0E51270007A920 /* Carbon.framework */,
				1058C7ADFEA557BF11CA2CBB /* Cocoa.framework */,
				528A62261159258E00BD5F20 /* AudioUnit.framework */,
				528A62281159258E00BD5F20 /* Carbon.framework */,
				528A622A1159258E00BD5F20 /* Cocoa.framework */,
				528A622C1159258E00BD5F20 /* CoreAudio.framework */,
			);
			name = "Linked Frameworks";
			sourceTree = "<group>";
		};
		1058C7AEFEA557BF11CA2CBB /* Other Frameworks */ = {
			isa = PBXGroup;
			children = (
				089C167FFE841241C02AAC07 /* AppKit.framework */,
				D2F7E65807B2D6F200F64583 /* CoreData.framework */,
				089C1672FE841209C02AAC07 /* Foundation.framework */,
			);
			name = "Other Frameworks";
			sourceTree = "<group>";
		};
		19C28FB8FE9D52D311CA2CBB /* Products */ = {
			isa = PBXGroup;
			children = (
				8D5B49B6048680CD000E48DA /* IPlugExample.vst */,
				52E41BB20D14C0F500A0943B /* IPlugExample.component */,
			);
			name = Products;
			sourceTree = "<group>";
		};
		32C88E010371C26100C91783 /* Other Sources */ = {
			isa = PBXGroup;
			children = (
				32DBCF630370AF2F00C91783 /* IPlugExample_Prefix.pch */,
			);
			name = "Other Sources";
			sourceTree = "<group>";
		};
		45BFA2541060DDDB00307BE8 /* Products */ = {
			isa = PBXGroup;
			children = (
				45BFA2581060DDDB00307BE8 /* libIPlug.a */,
			);
			name = Products;
			sourceTree = "<group>";
		};
		52E8440D0D0E55A200961B48 /* img */ = {
			isa = PBXGroup;
			children = (
				52E8440E0D0E55A200961B48 /* BG_400x200.png */,
				52E8440F0D0E55A200961B48 /* fader-cap_sm.png */,
				52E844100D0E55A200961B48 /* knob_sm.png */,
				52E844110D0E55A200961B48 /* toggle-switch.png */,
				52E844120D0E55A200961B48 /* VU-meter_sm.png */,
			);
			path = img;
			sourceTree = "<group>";
		};
/* End PBXGroup section */

/* Begin PBXHeadersBuildPhase section */
		522988B40D14D54000B3A00C /* Headers */ = {
			isa = PBXHeadersBuildPhase;
			buildActionMask = 2147483647;
			files = (
				522988B10D14D52B00B3A00C /* IPlugExample.h in Headers */,
			);
			runOnlyForDeploymentPostprocessing = 0;
		};
/* End PBXHeadersBuildPhase section */

/* Begin PBXNativeTarget section */
		52E41BB10D14C0F500A0943B /* IPlugExampleAU */ = {
			isa = PBXNativeTarget;
			buildConfigurationList = 52E41BB60D14C0F500A0943B /* Build configuration list for PBXNativeTarget "IPlugExampleAU" */;
			buildPhases = (
				522988B40D14D54000B3A00C /* Headers */,
				52E41BAE0D14C0F500A0943B /* Resources */,
				52E41BAF0D14C0F500A0943B /* Sources */,
				52E41BB00D14C0F500A0943B /* Frameworks */,
				5229883B0D14CE8600B3A00C /* Rez */,
				522988A80D14D49B00B3A00C /* CopyFiles */,
				525C4CEC0D1CD7EE00AB2038 /* CopyFiles */,
			);
			buildRules = (
			);
			dependencies = (
			);
			name = IPlugExampleAU;
			productName = IPlugExampleAU;
			productReference = 52E41BB20D14C0F500A0943B /* IPlugExample.component */;
			productType = "com.apple.product-type.bundle";
		};
		8D5B49AC048680CD000E48DA /* IPlugExample */ = {
			isa = PBXNativeTarget;
			buildConfigurationList = 1DEB913A08733D840010E9CD /* Build configuration list for PBXNativeTarget "IPlugExample" */;
			buildPhases = (
				8D5B49AF048680CD000E48DA /* Resources */,
				8D5B49B1048680CD000E48DA /* Sources */,
				8D5B49B3048680CD000E48DA /* Frameworks */,
			);
			buildRules = (
			);
			dependencies = (
			);
			name = IPlugExample;
			productInstallPath = "$(HOME)/Library/Bundles";
			productName = IPlugExample;
			productReference = 8D5B49B6048680CD000E48DA /* IPlugExample.vst */;
			productType = "com.apple.product-type.bundle";
		};
/* End PBXNativeTarget section */

/* Begin PBXProject section */
		089C1669FE841209C02AAC07 /* Project object */ = {
			isa = PBXProject;
			buildConfigurationList = 1DEB913E08733D840010E9CD /* Build configuration list for PBXProject "IPlugExample" */;
			compatibilityVersion = "Xcode 3.0";
			hasScannedForEncodings = 1;
			mainGroup = 089C166AFE841209C02AAC07 /* IPlugExample */;
			projectDirPath = "";
			projectReferences = (
				{
					ProductGroup = 45BFA2541060DDDB00307BE8 /* Products */;
					ProjectRef = 52DC4B560D29B54E00DD0B91 /* IPlug.xcodeproj */;
				},
			);
			projectRoot = "";
			targets = (
				8D5B49AC048680CD000E48DA /* IPlugExample */,
				52E41BB10D14C0F500A0943B /* IPlugExampleAU */,
			);
		};
/* End PBXProject section */

/* Begin PBXReferenceProxy section */
		45BFA2581060DDDB00307BE8 /* libIPlug.a */ = {
			isa = PBXReferenceProxy;
			fileType = archive.ar;
			path = libIPlug.a;
			remoteRef = 45BFA2571060DDDB00307BE8 /* PBXContainerItemProxy */;
			sourceTree = BUILT_PRODUCTS_DIR;
		};
/* End PBXReferenceProxy section */

/* Begin PBXResourcesBuildPhase section */
		52E41BAE0D14C0F500A0943B /* Resources */ = {
			isa = PBXResourcesBuildPhase;
			buildActionMask = 2147483647;
			files = (
				523F19130D19AD7600ACA98D /* BG_400x200.png in Resources */,
				523F19140D19AD7A00ACA98D /* fader-cap_sm.png in Resources */,
				523F19150D19AD7E00ACA98D /* knob_sm.png in Resources */,
				523F19160D19AD8100ACA98D /* toggle-switch.png in Resources */,
				523F19170D19AD8500ACA98D /* VU-meter_sm.png in Resources */,
			);
			runOnlyForDeploymentPostprocessing = 0;
		};
		8D5B49AF048680CD000E48DA /* Resources */ = {
			isa = PBXResourcesBuildPhase;
			buildActionMask = 2147483647;
			files = (
				52E844130D0E55A200961B48 /* BG_400x200.png in Resources */,
				52E844140D0E55A200961B48 /* fader-cap_sm.png in Resources */,
				52E844150D0E55A200961B48 /* knob_sm.png in Resources */,
				52E844160D0E55A200961B48 /* toggle-switch.png in Resources */,
				52E844170D0E55A200961B48 /* VU-meter_sm.png in Resources */,
			);
			runOnlyForDeploymentPostprocessing = 0;
		};
/* End PBXResourcesBuildPhase section */

/* Begin PBXRezBuildPhase section */
		5229883B0D14CE8600B3A00C /* Rez */ = {
			isa = PBXRezBuildPhase;
			buildActionMask = 2147483647;
			files = (
				525FE3870D15C0E900E4C9FB /* IPlugAU.r in Rez */,
			);
			runOnlyForDeploymentPostprocessing = 0;
		};
/* End PBXRezBuildPhase section */

/* Begin PBXSourcesBuildPhase section */
		52E41BAF0D14C0F500A0943B /* Sources */ = {
			isa = PBXSourcesBuildPhase;
			buildActionMask = 2147483647;
			files = (
				52E41BB70D14C11C00A0943B /* IPlugExample.cpp in Sources */,
				52780D5E0D20A3FC00C2BCA7 /* IPlugAU_ViewFactory.mm in Sources */,
				526F9C020D7DC7D700562CF8 /* IPlugExample.exp in Sources */,
			);
			runOnlyForDeploymentPostprocessing = 0;
		};
		8D5B49B1048680CD000E48DA /* Sources */ = {
			isa = PBXSourcesBuildPhase;
			buildActionMask = 2147483647;
			files = (
				52FBBED10D0CF139001C8B8A /* IPlugExample.cpp in Sources */,
				526F9C030D7DC7D700562CF8 /* IPlugExample.exp in Sources */,
			);
			runOnlyForDeploymentPostprocessing = 0;
		};
/* End PBXSourcesBuildPhase section */

/* Begin XCBuildConfiguration section */
		1DEB913B08733D840010E9CD /* Debug */ = {
			isa = XCBuildConfiguration;
			buildSettings = {
				COPY_PHASE_STRIP = NO;
				GCC_DYNAMIC_NO_PIC = NO;
				GCC_ENABLE_FIX_AND_CONTINUE = YES;
				GCC_MODEL_TUNING = G5;
				GCC_OPTIMIZATION_LEVEL = 0;
				GCC_PRECOMPILE_PREFIX_HEADER = YES;
				GCC_PREFIX_HEADER = IPlugExample_Prefix.pch;
				GCC_PREPROCESSOR_DEFINITIONS = VST_API;
				GENERATE_PKGINFO_FILE = YES;
				INFOPLIST_EXPAND_BUILD_SETTINGS = YES;
				INFOPLIST_FILE = Info.plist;
				INSTALL_PATH = "$(HOME)/Library/Bundles";
				LIBRARY_SEARCH_PATHS = (
					"$(inherited)",
					"\"$(SRCROOT)/../IPlug/build/Debug\"",
				);
				PRODUCT_NAME = IPlugExample;
				WRAPPER_EXTENSION = vst;
				ZERO_LINK = YES;
			};
			name = Debug;
		};
		1DEB913C08733D840010E9CD /* Release */ = {
			isa = XCBuildConfiguration;
			buildSettings = {
				DEBUG_INFORMATION_FORMAT = "dwarf-with-dsym";
				GCC_MODEL_TUNING = G5;
				GCC_PRECOMPILE_PREFIX_HEADER = YES;
				GCC_PREFIX_HEADER = IPlugExample_Prefix.pch;
				GCC_PREPROCESSOR_DEFINITIONS = VST_API;
				GENERATE_PKGINFO_FILE = YES;
				INFOPLIST_EXPAND_BUILD_SETTINGS = YES;
				INFOPLIST_FILE = Info.plist;
				INSTALL_PATH = "$(HOME)/Library/Bundles";
				LIBRARY_SEARCH_PATHS = (
					"$(inherited)",
					"\"$(SRCROOT)/../IPlug/build/Debug\"",
				);
				PRODUCT_NAME = IPlugExample;
				WRAPPER_EXTENSION = vst;
			};
			name = Release;
		};
		1DEB913F08733D840010E9CD /* Debug */ = {
			isa = XCBuildConfiguration;
			buildSettings = {
				EXECUTABLE_EXTENSION = "";
				GCC_VERSION = 4.0;
				GCC_WARN_ABOUT_RETURN_TYPE = YES;
				GCC_WARN_UNUSED_VARIABLE = YES;
				GENERATE_PKGINFO_FILE = YES;
				HEADER_SEARCH_PATHS = (
					.,
					../IPlug,
				);
				INFOPLIST_EXPAND_BUILD_SETTINGS = YES;
				INFOPLIST_PREPROCESS = YES;
				PREBINDING = NO;
				SDKROOT = "$(DEVELOPER_SDK_DIR)/MacOSX10.4u.sdk";
				WRAPPER_EXTENSION = "";
			};
			name = Debug;
		};
		1DEB914008733D840010E9CD /* Release */ = {
			isa = XCBuildConfiguration;
			buildSettings = {
				ARCHS = (
					ppc,
					i386,
				);
				EXECUTABLE_EXTENSION = "";
				GCC_VERSION = 4.0;
				GCC_WARN_ABOUT_RETURN_TYPE = YES;
				GCC_WARN_UNUSED_VARIABLE = YES;
				GENERATE_PKGINFO_FILE = YES;
				HEADER_SEARCH_PATHS = (
					.,
					../IPlug,
				);
				INFOPLIST_EXPAND_BUILD_SETTINGS = YES;
				INFOPLIST_PREPROCESS = YES;
				PREBINDING = NO;
				SDKROOT = "$(DEVELOPER_SDK_DIR)/MacOSX10.4u.sdk";
				WRAPPER_EXTENSION = "";
			};
			name = Release;
		};
		528359A90D7F0C3A00577159 /* Tracer */ = {
			isa = XCBuildConfiguration;
			buildSettings = {
				ARCHS = (
					ppc,
					i386,
				);
				EXECUTABLE_EXTENSION = "";
				GCC_VERSION = 4.0;
				GCC_WARN_ABOUT_RETURN_TYPE = YES;
				GCC_WARN_UNUSED_VARIABLE = YES;
				GENERATE_PKGINFO_FILE = YES;
				HEADER_SEARCH_PATHS = (
					.,
					../IPlug,
				);
				INFOPLIST_EXPAND_BUILD_SETTINGS = YES;
				INFOPLIST_PREPROCESS = YES;
				PREBINDING = NO;
				SDKROOT = "$(DEVELOPER_SDK_DIR)/MacOSX10.4u.sdk";
				WRAPPER_EXTENSION = "";
			};
			name = Tracer;
		};
		528359AA0D7F0C3A00577159 /* Tracer */ = {
			isa = XCBuildConfiguration;
			buildSettings = {
				DEBUG_INFORMATION_FORMAT = "dwarf-with-dsym";
				GCC_MODEL_TUNING = G5;
				GCC_PRECOMPILE_PREFIX_HEADER = YES;
				GCC_PREFIX_HEADER = IPlugExample_Prefix.pch;
				GCC_PREPROCESSOR_DEFINITIONS = VST_API;
				GENERATE_PKGINFO_FILE = YES;
				INFOPLIST_EXPAND_BUILD_SETTINGS = YES;
				INFOPLIST_FILE = Info.plist;
				INSTALL_PATH = "$(HOME)/Library/Bundles";
				LIBRARY_SEARCH_PATHS = (
					"$(inherited)",
					"\"$(SRCROOT)/../IPlug/build/Debug\"",
				);
				PRODUCT_NAME = IPlugExample;
				WRAPPER_EXTENSION = vst;
			};
			name = Tracer;
		};
		528359AB0D7F0C3A00577159 /* Tracer */ = {
			isa = XCBuildConfiguration;
			buildSettings = {
				COPY_PHASE_STRIP = YES;
				DEBUG_INFORMATION_FORMAT = "dwarf-with-dsym";
				EXPORTED_SYMBOLS_FILE = IPlugExample.exp;
				GCC_ENABLE_FIX_AND_CONTINUE = NO;
				GCC_MODEL_TUNING = G4;
				GCC_PRECOMPILE_PREFIX_HEADER = NO;
				GCC_PREFIX_HEADER = "";
				GCC_PREPROCESSOR_DEFINITIONS = (
					TRACER_BUILD,
					AU_API,
				);
				GENERATE_PKGINFO_FILE = YES;
				INFOPLIST_EXPAND_BUILD_SETTINGS = YES;
				INFOPLIST_FILE = "IPlugExampleAU-Info.plist";
				INFOPLIST_PREPROCESS = YES;
				INSTALL_PATH = "$(HOME)/Library/Audio/Plug-Ins/Components/";
				LIBRARY_SEARCH_PATHS = (
					../IPlug/Build/Tracer,
					"\"$(SRCROOT)/../Crypto/build/Release\"",
				);
				LIBRARY_STYLE = Bundle;
				OTHER_LDFLAGS = "-bundle";
				OTHER_REZFLAGS = "-d ppc_$ppc -d i386_$i386 -I /System/Library/Frameworks/CoreServices.framework/Frameworks/CarbonCore.framework/Versions/A/Headers -I /Developer/Examples/CoreAudio/AudioUnits/AUPublic/AUBase";
				PREBINDING = YES;
				PRODUCT_NAME = IPlugExample;
				REZ_SEARCH_PATHS = (
					/System/Library/Frameworks/CoreServices.framework/Frameworks/CarbonCore.framework/Versions/A/Headers,
					/Developer/Examples/CoreAudio/AudioUnits/AUPublic/AUBase,
				);
				SDKROOT = "$(DEVELOPER_SDK_DIR)/MacOSX10.4u.sdk";
				SHARED_PRECOMPS_DIR = "$(CACHE_ROOT)/SharedPrecompiledHeaders";
				WRAPPER_EXTENSION = component;
				ZERO_LINK = NO;
			};
			name = Tracer;
		};
		52E41BB40D14C0F500A0943B /* Debug */ = {
			isa = XCBuildConfiguration;
			buildSettings = {
				COPY_PHASE_STRIP = NO;
				EXPORTED_SYMBOLS_FILE = IPlugExample.exp;
				GCC_DYNAMIC_NO_PIC = NO;
				GCC_ENABLE_FIX_AND_CONTINUE = YES;
				GCC_MODEL_TUNING = G4;
				GCC_OPTIMIZATION_LEVEL = 0;
				GCC_PRECOMPILE_PREFIX_HEADER = YES;
				GCC_PREFIX_HEADER = "";
				GCC_PREPROCESSOR_DEFINITIONS = AU_API;
				GENERATE_PKGINFO_FILE = YES;
				INFOPLIST_EXPAND_BUILD_SETTINGS = YES;
				INFOPLIST_FILE = "IPlugExampleAU-Info.plist";
				INFOPLIST_PREPROCESS = YES;
				INSTALL_PATH = "$(HOME)/Library/Audio/Plug-Ins/Components/";
				LIBRARY_SEARCH_PATHS = (
					"\"$(SRCROOT)/../IPlug/build/Debug\"",
					"\"$(SRCROOT)/../Crypto/build/Release\"",
				);
				LIBRARY_STYLE = Bundle;
				OTHER_LDFLAGS = "-bundle";
				OTHER_REZFLAGS = "-d ppc_$ppc -d i386_$i386 -I /System/Library/Frameworks/CoreServices.framework/Frameworks/CarbonCore.framework/Versions/A/Headers -I /Developer/Examples/CoreAudio/AudioUnits/AUPublic/AUBase";
				PREBINDING = YES;
				PRODUCT_NAME = IPlugExample;
				REZ_SEARCH_PATHS = (
					/System/Library/Frameworks/CoreServices.framework/Frameworks/CarbonCore.framework/Versions/A/Headers,
					/Developer/Examples/CoreAudio/AudioUnits/AUPublic/AUBase,
				);
				SDKROOT = "$(DEVELOPER_SDK_DIR)/MacOSX10.4u.sdk";
				SHARED_PRECOMPS_DIR = "$(CACHE_ROOT)/SharedPrecompiledHeaders";
				WRAPPER_EXTENSION = component;
				ZERO_LINK = NO;
			};
			name = Debug;
		};
		52E41BB50D14C0F500A0943B /* Release */ = {
			isa = XCBuildConfiguration;
			buildSettings = {
				COPY_PHASE_STRIP = YES;
				DEBUG_INFORMATION_FORMAT = "dwarf-with-dsym";
				EXPORTED_SYMBOLS_FILE = IPlugExample.exp;
				GCC_ENABLE_FIX_AND_CONTINUE = NO;
				GCC_MODEL_TUNING = G4;
				GCC_PRECOMPILE_PREFIX_HEADER = NO;
				GCC_PREFIX_HEADER = "";
				GCC_PREPROCESSOR_DEFINITIONS = AU_API;
				GENERATE_PKGINFO_FILE = YES;
				INFOPLIST_EXPAND_BUILD_SETTINGS = YES;
				INFOPLIST_FILE = "IPlugExampleAU-Info.plist";
				INFOPLIST_PREPROCESS = YES;
				INSTALL_PATH = "$(HOME)/Library/Audio/Plug-Ins/Components/";
				LIBRARY_SEARCH_PATHS = (
					../IPlug/Build/Release,
					"\"$(SRCROOT)/../Crypto/build/Release\"",
				);
				LIBRARY_STYLE = Bundle;
				OTHER_LDFLAGS = "-bundle";
				OTHER_REZFLAGS = "-d ppc_$ppc -d i386_$i386 -I /System/Library/Frameworks/CoreServices.framework/Frameworks/CarbonCore.framework/Versions/A/Headers -I /Developer/Examples/CoreAudio/AudioUnits/AUPublic/AUBase";
				PREBINDING = YES;
				PRODUCT_NAME = IPlugExample;
				REZ_SEARCH_PATHS = (
					/System/Library/Frameworks/CoreServices.framework/Frameworks/CarbonCore.framework/Versions/A/Headers,
					/Developer/Examples/CoreAudio/AudioUnits/AUPublic/AUBase,
				);
				SDKROOT = "$(DEVELOPER_SDK_DIR)/MacOSX10.4u.sdk";
				SHARED_PRECOMPS_DIR = "$(CACHE_ROOT)/SharedPrecompiledHeaders";
				WRAPPER_EXTENSION = component;
				ZERO_LINK = NO;
			};
			name = Release;
		};
/* End XCBuildConfiguration section */

/* Begin XCConfigurationList section */
		1DEB913A08733D840010E9CD /* Build configuration list for PBXNativeTarget "IPlugExample" */ = {
			isa = XCConfigurationList;
			buildConfigurations = (
				1DEB913B08733D840010E9CD /* Debug */,
				1DEB913C08733D840010E9CD /* Release */,
				528359AA0D7F0C3A00577159 /* Tracer */,
			);
			defaultConfigurationIsVisible = 0;
			defaultConfigurationName = Release;
		};
		1DEB913E08733D840010E9CD /* Build configuration list for PBXProject "IPlugExample" */ = {
			isa = XCConfigurationList;
			buildConfigurations = (
				1DEB913F08733D840010E9CD /* Debug */,
				1DEB914008733D840010E9CD /* Release */,
				528359A90D7F0C3A00577159 /* Tracer */,
			);
			defaultConfigurationIsVisible = 0;
			defaultConfigurationName = Release;
		};
		52E41BB60D14C0F500A0943B /* Build configuration list for PBXNativeTarget "IPlugExampleAU" */ = {
			isa = XCConfigurationList;
			buildConfigurations = (
				52E41BB40D14C0F500A0943B /* Debug */,
				52E41BB50D14C0F500A0943B /* Release */,
				528359AB0D7F0C3A00577159 /* Tracer */,
			);
			defaultConfigurationIsVisible = 0;
			defaultConfigurationName = Release;
		};
/* End XCConfigurationList section */
	};
	rootObject = 089C1669FE841209C02AAC07 /* Project object */;
}
