// !$*UTF8*$!
{
	archiveVersion = 1;
	classes = {
	};
	objectVersion = 45;
	objects = {

/* Begin PBXBuildFile section */
		1DDD58160DA1D0A300B32029 /* MainMenu.xib in Resources */ = {isa = PBXBuildFile; fileRef = 1DDD58140DA1D0A300B32029 /* MainMenu.xib */; };
		332A9B1B13CB584E00EBEB86 /* swell-appstub.mm in Sources */ = {isa = PBXBuildFile; fileRef = 332A9B0813CB584E00EBEB86 /* swell-appstub.mm */; };
		332A9B1C13CB584E00EBEB86 /* swell-dlg.mm in Sources */ = {isa = PBXBuildFile; fileRef = 332A9B0913CB584E00EBEB86 /* swell-dlg.mm */; };
		332A9B1D13CB584E00EBEB86 /* swell-gdi.mm in Sources */ = {isa = PBXBuildFile; fileRef = 332A9B0D13CB584E00EBEB86 /* swell-gdi.mm */; };
		332A9B1E13CB584E00EBEB86 /* swell-ini.cpp in Sources */ = {isa = PBXBuildFile; fileRef = 332A9B0E13CB584E00EBEB86 /* swell-ini.cpp */; };
		332A9B1F13CB584E00EBEB86 /* swell-kb.mm in Sources */ = {isa = PBXBuildFile; fileRef = 332A9B1013CB584E00EBEB86 /* swell-kb.mm */; };
		332A9B2013CB584E00EBEB86 /* swell-menu.mm in Sources */ = {isa = PBXBuildFile; fileRef = 332A9B1113CB584E00EBEB86 /* swell-menu.mm */; };
		332A9B2113CB584E00EBEB86 /* swell-misc.mm in Sources */ = {isa = PBXBuildFile; fileRef = 332A9B1313CB584E00EBEB86 /* swell-misc.mm */; };
		332A9B2213CB584E00EBEB86 /* swell-miscdlg.mm in Sources */ = {isa = PBXBuildFile; fileRef = 332A9B1413CB584E00EBEB86 /* swell-miscdlg.mm */; };
		332A9B2313CB584E00EBEB86 /* swell-wnd.mm in Sources */ = {isa = PBXBuildFile; fileRef = 332A9B1613CB584E00EBEB86 /* swell-wnd.mm */; };
		332A9B2413CB584E00EBEB86 /* swell.cpp in Sources */ = {isa = PBXBuildFile; fileRef = 332A9B1713CB584E00EBEB86 /* swell.cpp */; };
		332A9B2513CB584E00EBEB86 /* swellappmain.mm in Sources */ = {isa = PBXBuildFile; fileRef = 332A9B1A13CB584E00EBEB86 /* swellappmain.mm */; };
		332A9B2C13CB587700EBEB86 /* Carbon.framework in Frameworks */ = {isa = PBXBuildFile; fileRef = 332A9B2B13CB587700EBEB86 /* Carbon.framework */; };
		332A9B4013CB596200EBEB86 /* licecap_ui.cpp in Sources */ = {isa = PBXBuildFile; fileRef = 332A9B3F13CB596200EBEB86 /* licecap_ui.cpp */; };
		332A9B9413CB5B0000EBEB86 /* lice_arc.cpp in Sources */ = {isa = PBXBuildFile; fileRef = 332A9B8613CB5B0000EBEB86 /* lice_arc.cpp */; };
		332A9B9513CB5B0000EBEB86 /* lice_colorspace.cpp in Sources */ = {isa = PBXBuildFile; fileRef = 332A9B8813CB5B0000EBEB86 /* lice_colorspace.cpp */; };
		332A9B9613CB5B0000EBEB86 /* lice_gif_write.cpp in Sources */ = {isa = PBXBuildFile; fileRef = 332A9B8B13CB5B0000EBEB86 /* lice_gif_write.cpp */; };
		332A9B9713CB5B0000EBEB86 /* lice_gif.cpp in Sources */ = {isa = PBXBuildFile; fileRef = 332A9B8C13CB5B0000EBEB86 /* lice_gif.cpp */; };
		332A9B9813CB5B0000EBEB86 /* lice_lcf.cpp in Sources */ = {isa = PBXBuildFile; fileRef = 332A9B8D13CB5B0000EBEB86 /* lice_lcf.cpp */; };
		332A9B9913CB5B0000EBEB86 /* lice_line.cpp in Sources */ = {isa = PBXBuildFile; fileRef = 332A9B8F13CB5B0000EBEB86 /* lice_line.cpp */; };
		332A9B9A13CB5B0000EBEB86 /* lice_palette.cpp in Sources */ = {isa = PBXBuildFile; fileRef = 332A9B9013CB5B0000EBEB86 /* lice_palette.cpp */; };
		332A9B9B13CB5B0000EBEB86 /* lice_text.cpp in Sources */ = {isa = PBXBuildFile; fileRef = 332A9B9113CB5B0000EBEB86 /* lice_text.cpp */; };
		332A9B9C13CB5B0000EBEB86 /* lice.cpp in Sources */ = {isa = PBXBuildFile; fileRef = 332A9B9313CB5B0000EBEB86 /* lice.cpp */; };
		332A9BA613CB5B1E00EBEB86 /* dgif_lib.c in Sources */ = {isa = PBXBuildFile; fileRef = 332A9BA213CB5B1E00EBEB86 /* dgif_lib.c */; };
		332A9BA713CB5B1E00EBEB86 /* egif_lib.c in Sources */ = {isa = PBXBuildFile; fileRef = 332A9BA313CB5B1E00EBEB86 /* egif_lib.c */; };
		332A9BA813CB5B1E00EBEB86 /* gif_hash.c in Sources */ = {isa = PBXBuildFile; fileRef = 332A9BA413CB5B1E00EBEB86 /* gif_hash.c */; };
		332A9BA913CB5B1E00EBEB86 /* gifalloc.c in Sources */ = {isa = PBXBuildFile; fileRef = 332A9BA513CB5B1E00EBEB86 /* gifalloc.c */; };
		332A9BC513CB5B4D00EBEB86 /* adler32.c in Sources */ = {isa = PBXBuildFile; fileRef = 332A9BAD13CB5B4D00EBEB86 /* adler32.c */; };
		332A9BC613CB5B4D00EBEB86 /* compress.c in Sources */ = {isa = PBXBuildFile; fileRef = 332A9BAE13CB5B4D00EBEB86 /* compress.c */; };
		332A9BC713CB5B4D00EBEB86 /* crc32.c in Sources */ = {isa = PBXBuildFile; fileRef = 332A9BAF13CB5B4D00EBEB86 /* crc32.c */; };
		332A9BC813CB5B4D00EBEB86 /* deflate.c in Sources */ = {isa = PBXBuildFile; fileRef = 332A9BB113CB5B4D00EBEB86 /* deflate.c */; };
		332A9BC913CB5B4D00EBEB86 /* infback.c in Sources */ = {isa = PBXBuildFile; fileRef = 332A9BB313CB5B4D00EBEB86 /* infback.c */; };
		332A9BCA13CB5B4D00EBEB86 /* inffast.c in Sources */ = {isa = PBXBuildFile; fileRef = 332A9BB413CB5B4D00EBEB86 /* inffast.c */; };
		332A9BCB13CB5B4D00EBEB86 /* inflate.c in Sources */ = {isa = PBXBuildFile; fileRef = 332A9BB713CB5B4D00EBEB86 /* inflate.c */; };
		332A9BCC13CB5B4D00EBEB86 /* inftrees.c in Sources */ = {isa = PBXBuildFile; fileRef = 332A9BB913CB5B4D00EBEB86 /* inftrees.c */; };
		332A9BCD13CB5B4D00EBEB86 /* ioapi.c in Sources */ = {isa = PBXBuildFile; fileRef = 332A9BBB13CB5B4D00EBEB86 /* ioapi.c */; };
		332A9BCE13CB5B4D00EBEB86 /* trees.c in Sources */ = {isa = PBXBuildFile; fileRef = 332A9BBD13CB5B4D00EBEB86 /* trees.c */; };
		332A9BCF13CB5B4D00EBEB86 /* uncompr.c in Sources */ = {isa = PBXBuildFile; fileRef = 332A9BBF13CB5B4D00EBEB86 /* uncompr.c */; };
		332A9BD013CB5B4D00EBEB86 /* zutil.c in Sources */ = {isa = PBXBuildFile; fileRef = 332A9BC313CB5B4D00EBEB86 /* zutil.c */; };
		332A9BD513CB5B6E00EBEB86 /* wndsize.cpp in Sources */ = {isa = PBXBuildFile; fileRef = 332A9BD413CB5B6E00EBEB86 /* wndsize.cpp */; };
		332A9BFB13CB5D7200EBEB86 /* filebrowse.cpp in Sources */ = {isa = PBXBuildFile; fileRef = 332A9BFA13CB5D7200EBEB86 /* filebrowse.cpp */; };
		332A9CA913CB829300EBEB86 /* capturewindow.mm in Sources */ = {isa = PBXBuildFile; fileRef = 332A9CA813CB829300EBEB86 /* capturewindow.mm */; };
		332A9F7A13CB982800EBEB86 /* OpenGL.framework in Frameworks */ = {isa = PBXBuildFile; fileRef = 332A9F7913CB982800EBEB86 /* OpenGL.framework */; };
		332AA01113CB9EB800EBEB86 /* licecap.icns in Resources */ = {isa = PBXBuildFile; fileRef = 332AA01013CB9EB800EBEB86 /* licecap.icns */; };
		8D11072B0486CEB800E47090 /* InfoPlist.strings in Resources */ = {isa = PBXBuildFile; fileRef = 089C165CFE840E0CC02AAC07 /* InfoPlist.strings */; };
		8D11072D0486CEB800E47090 /* main.m in Sources */ = {isa = PBXBuildFile; fileRef = 29B97316FDCFA39411CA2CEA /* main.m */; settings = {ATTRIBUTES = (); }; };
		8D11072F0486CEB800E47090 /* Cocoa.framework in Frameworks */ = {isa = PBXBuildFile; fileRef = 1058C7A1FEA54F0111CA2CBB /* Cocoa.framework */; };
/* End PBXBuildFile section */

/* Begin PBXBuildRule section */
		33B2B31C13EB971F006B51F2 /* PBXBuildRule */ = {
			isa = PBXBuildRule;
			compilerSpec = com.intel.compilers.icc.11_1_0;
			fileType = sourcecode.cpp;
			isEditable = 1;
			outputFiles = (
			);
		};
		33B2B31D13EB971F006B51F2 /* PBXBuildRule */ = {
			isa = PBXBuildRule;
			compilerSpec = com.intel.compilers.icc.11_1_0;
			fileType = sourcecode.c;
			isEditable = 1;
			outputFiles = (
			);
		};
/* End PBXBuildRule section */

/* Begin PBXFileReference section */
		089C165DFE840E0CC02AAC07 /* English */ = {isa = PBXFileReference; fileEncoding = 4; lastKnownFileType = text.plist.strings; name = English; path = English.lproj/InfoPlist.strings; sourceTree = "<group>"; };
		1058C7A1FEA54F0111CA2CBB /* Cocoa.framework */ = {isa = PBXFileReference; lastKnownFileType = wrapper.framework; name = Cocoa.framework; path = /System/Library/Frameworks/Cocoa.framework; sourceTree = "<absolute>"; };
		13E42FB307B3F0F600E4EEF1 /* CoreData.framework */ = {isa = PBXFileReference; lastKnownFileType = wrapper.framework; name = CoreData.framework; path = /System/Library/Frameworks/CoreData.framework; sourceTree = "<absolute>"; };
		1DDD58150DA1D0A300B32029 /* English */ = {isa = PBXFileReference; lastKnownFileType = file.xib; name = English; path = English.lproj/MainMenu.xib; sourceTree = "<group>"; };
		256AC3F00F4B6AF500CF3369 /* licecap_Prefix.pch */ = {isa = PBXFileReference; fileEncoding = 4; lastKnownFileType = sourcecode.c.h; path = licecap_Prefix.pch; sourceTree = "<group>"; };
		29B97316FDCFA39411CA2CEA /* main.m */ = {isa = PBXFileReference; fileEncoding = 4; lastKnownFileType = sourcecode.c.objc; path = main.m; sourceTree = "<group>"; };
		29B97324FDCFA39411CA2CEA /* AppKit.framework */ = {isa = PBXFileReference; lastKnownFileType = wrapper.framework; name = AppKit.framework; path = /System/Library/Frameworks/AppKit.framework; sourceTree = "<absolute>"; };
		29B97325FDCFA39411CA2CEA /* Foundation.framework */ = {isa = PBXFileReference; lastKnownFileType = wrapper.framework; name = Foundation.framework; path = /System/Library/Frameworks/Foundation.framework; sourceTree = "<absolute>"; };
		332A9B0813CB584E00EBEB86 /* swell-appstub.mm */ = {isa = PBXFileReference; fileEncoding = 4; lastKnownFileType = sourcecode.cpp.objcpp; name = "swell-appstub.mm"; path = "../WDL/swell/swell-appstub.mm"; sourceTree = SOURCE_ROOT; };
		332A9B0913CB584E00EBEB86 /* swell-dlg.mm */ = {isa = PBXFileReference; fileEncoding = 4; lastKnownFileType = sourcecode.cpp.objcpp; name = "swell-dlg.mm"; path = "../WDL/swell/swell-dlg.mm"; sourceTree = SOURCE_ROOT; };
		332A9B0A13CB584E00EBEB86 /* swell-dlggen.h */ = {isa = PBXFileReference; fileEncoding = 4; lastKnownFileType = sourcecode.c.h; name = "swell-dlggen.h"; path = "../WDL/swell/swell-dlggen.h"; sourceTree = SOURCE_ROOT; };
		332A9B0B13CB584E00EBEB86 /* swell-functions.h */ = {isa = PBXFileReference; fileEncoding = 4; lastKnownFileType = sourcecode.c.h; name = "swell-functions.h"; path = "../WDL/swell/swell-functions.h"; sourceTree = SOURCE_ROOT; };
		332A9B0C13CB584E00EBEB86 /* swell-gdi-internalpool.h */ = {isa = PBXFileReference; fileEncoding = 4; lastKnownFileType = sourcecode.c.h; name = "swell-gdi-internalpool.h"; path = "../WDL/swell/swell-gdi-internalpool.h"; sourceTree = SOURCE_ROOT; };
		332A9B0D13CB584E00EBEB86 /* swell-gdi.mm */ = {isa = PBXFileReference; fileEncoding = 4; lastKnownFileType = sourcecode.cpp.objcpp; name = "swell-gdi.mm"; path = "../WDL/swell/swell-gdi.mm"; sourceTree = SOURCE_ROOT; };
		332A9B0E13CB584E00EBEB86 /* swell-ini.cpp */ = {isa = PBXFileReference; fileEncoding = 4; lastKnownFileType = sourcecode.cpp.cpp; name = "swell-ini.cpp"; path = "../WDL/swell/swell-ini.cpp"; sourceTree = SOURCE_ROOT; };
		332A9B0F13CB584E00EBEB86 /* swell-internal.h */ = {isa = PBXFileReference; fileEncoding = 4; lastKnownFileType = sourcecode.c.h; name = "swell-internal.h"; path = "../WDL/swell/swell-internal.h"; sourceTree = SOURCE_ROOT; };
		332A9B1013CB584E00EBEB86 /* swell-kb.mm */ = {isa = PBXFileReference; fileEncoding = 4; lastKnownFileType = sourcecode.cpp.objcpp; name = "swell-kb.mm"; path = "../WDL/swell/swell-kb.mm"; sourceTree = SOURCE_ROOT; };
		332A9B1113CB584E00EBEB86 /* swell-menu.mm */ = {isa = PBXFileReference; fileEncoding = 4; lastKnownFileType = sourcecode.cpp.objcpp; name = "swell-menu.mm"; path = "../WDL/swell/swell-menu.mm"; sourceTree = SOURCE_ROOT; };
		332A9B1213CB584E00EBEB86 /* swell-menugen.h */ = {isa = PBXFileReference; fileEncoding = 4; lastKnownFileType = sourcecode.c.h; name = "swell-menugen.h"; path = "../WDL/swell/swell-menugen.h"; sourceTree = SOURCE_ROOT; };
		332A9B1313CB584E00EBEB86 /* swell-misc.mm */ = {isa = PBXFileReference; fileEncoding = 4; lastKnownFileType = sourcecode.cpp.objcpp; name = "swell-misc.mm"; path = "../WDL/swell/swell-misc.mm"; sourceTree = SOURCE_ROOT; };
		332A9B1413CB584E00EBEB86 /* swell-miscdlg.mm */ = {isa = PBXFileReference; fileEncoding = 4; lastKnownFileType = sourcecode.cpp.objcpp; name = "swell-miscdlg.mm"; path = "../WDL/swell/swell-miscdlg.mm"; sourceTree = SOURCE_ROOT; };
		332A9B1513CB584E00EBEB86 /* swell-types.h */ = {isa = PBXFileReference; fileEncoding = 4; lastKnownFileType = sourcecode.c.h; name = "swell-types.h"; path = "../WDL/swell/swell-types.h"; sourceTree = SOURCE_ROOT; };
		332A9B1613CB584E00EBEB86 /* swell-wnd.mm */ = {isa = PBXFileReference; fileEncoding = 4; lastKnownFileType = sourcecode.cpp.objcpp; name = "swell-wnd.mm"; path = "../WDL/swell/swell-wnd.mm"; sourceTree = SOURCE_ROOT; };
		332A9B1713CB584E00EBEB86 /* swell.cpp */ = {isa = PBXFileReference; fileEncoding = 4; lastKnownFileType = sourcecode.cpp.cpp; name = swell.cpp; path = ../WDL/swell/swell.cpp; sourceTree = SOURCE_ROOT; };
		332A9B1813CB584E00EBEB86 /* swell.h */ = {isa = PBXFileReference; fileEncoding = 4; lastKnownFileType = sourcecode.c.h; name = swell.h; path = ../WDL/swell/swell.h; sourceTree = SOURCE_ROOT; };
		332A9B1913CB584E00EBEB86 /* swellappmain.h */ = {isa = PBXFileReference; fileEncoding = 4; lastKnownFileType = sourcecode.c.h; name = swellappmain.h; path = ../WDL/swell/swellappmain.h; sourceTree = SOURCE_ROOT; };
		332A9B1A13CB584E00EBEB86 /* swellappmain.mm */ = {isa = PBXFileReference; fileEncoding = 4; lastKnownFileType = sourcecode.cpp.objcpp; name = swellappmain.mm; path = ../WDL/swell/swellappmain.mm; sourceTree = SOURCE_ROOT; };
		332A9B2B13CB587700EBEB86 /* Carbon.framework */ = {isa = PBXFileReference; lastKnownFileType = wrapper.framework; name = Carbon.framework; path = System/Library/Frameworks/Carbon.framework; sourceTree = SDKROOT; };
		332A9B3F13CB596200EBEB86 /* licecap_ui.cpp */ = {isa = PBXFileReference; fileEncoding = 4; lastKnownFileType = sourcecode.cpp.cpp; path = licecap_ui.cpp; sourceTree = "<group>"; };
		332A9B8613CB5B0000EBEB86 /* lice_arc.cpp */ = {isa = PBXFileReference; fileEncoding = 4; lastKnownFileType = sourcecode.cpp.cpp; name = lice_arc.cpp; path = ../WDL/lice/lice_arc.cpp; sourceTree = SOURCE_ROOT; };
		332A9B8713CB5B0000EBEB86 /* lice_bezier.h */ = {isa = PBXFileReference; fileEncoding = 4; lastKnownFileType = sourcecode.c.h; name = lice_bezier.h; path = ../WDL/lice/lice_bezier.h; sourceTree = SOURCE_ROOT; };
		332A9B8813CB5B0000EBEB86 /* lice_colorspace.cpp */ = {isa = PBXFileReference; fileEncoding = 4; lastKnownFileType = sourcecode.cpp.cpp; name = lice_colorspace.cpp; path = ../WDL/lice/lice_colorspace.cpp; sourceTree = SOURCE_ROOT; };
		332A9B8913CB5B0000EBEB86 /* lice_combine.h */ = {isa = PBXFileReference; fileEncoding = 4; lastKnownFileType = sourcecode.c.h; name = lice_combine.h; path = ../WDL/lice/lice_combine.h; sourceTree = SOURCE_ROOT; };
		332A9B8A13CB5B0000EBEB86 /* lice_extended.h */ = {isa = PBXFileReference; fileEncoding = 4; lastKnownFileType = sourcecode.c.h; name = lice_extended.h; path = ../WDL/lice/lice_extended.h; sourceTree = SOURCE_ROOT; };
		332A9B8B13CB5B0000EBEB86 /* lice_gif_write.cpp */ = {isa = PBXFileReference; fileEncoding = 4; lastKnownFileType = sourcecode.cpp.cpp; name = lice_gif_write.cpp; path = ../WDL/lice/lice_gif_write.cpp; sourceTree = SOURCE_ROOT; };
		332A9B8C13CB5B0000EBEB86 /* lice_gif.cpp */ = {isa = PBXFileReference; fileEncoding = 4; lastKnownFileType = sourcecode.cpp.cpp; name = lice_gif.cpp; path = ../WDL/lice/lice_gif.cpp; sourceTree = SOURCE_ROOT; };
		332A9B8D13CB5B0000EBEB86 /* lice_lcf.cpp */ = {isa = PBXFileReference; fileEncoding = 4; lastKnownFileType = sourcecode.cpp.cpp; name = lice_lcf.cpp; path = ../WDL/lice/lice_lcf.cpp; sourceTree = SOURCE_ROOT; };
		332A9B8E13CB5B0000EBEB86 /* lice_lcf.h */ = {isa = PBXFileReference; fileEncoding = 4; lastKnownFileType = sourcecode.c.h; name = lice_lcf.h; path = ../WDL/lice/lice_lcf.h; sourceTree = SOURCE_ROOT; };
		332A9B8F13CB5B0000EBEB86 /* lice_line.cpp */ = {isa = PBXFileReference; fileEncoding = 4; lastKnownFileType = sourcecode.cpp.cpp; name = lice_line.cpp; path = ../WDL/lice/lice_line.cpp; sourceTree = SOURCE_ROOT; };
		332A9B9013CB5B0000EBEB86 /* lice_palette.cpp */ = {isa = PBXFileReference; fileEncoding = 4; lastKnownFileType = sourcecode.cpp.cpp; name = lice_palette.cpp; path = ../WDL/lice/lice_palette.cpp; sourceTree = SOURCE_ROOT; };
		332A9B9113CB5B0000EBEB86 /* lice_text.cpp */ = {isa = PBXFileReference; fileEncoding = 4; lastKnownFileType = sourcecode.cpp.cpp; name = lice_text.cpp; path = ../WDL/lice/lice_text.cpp; sourceTree = SOURCE_ROOT; };
		332A9B9213CB5B0000EBEB86 /* lice_text.h */ = {isa = PBXFileReference; fileEncoding = 4; lastKnownFileType = sourcecode.c.h; name = lice_text.h; path = ../WDL/lice/lice_text.h; sourceTree = SOURCE_ROOT; };
		332A9B9313CB5B0000EBEB86 /* lice.cpp */ = {isa = PBXFileReference; fileEncoding = 4; lastKnownFileType = sourcecode.cpp.cpp; name = lice.cpp; path = ../WDL/lice/lice.cpp; sourceTree = SOURCE_ROOT; };
		332A9BA213CB5B1E00EBEB86 /* dgif_lib.c */ = {isa = PBXFileReference; fileEncoding = 4; lastKnownFileType = sourcecode.c.c; name = dgif_lib.c; path = ../WDL/giflib/dgif_lib.c; sourceTree = SOURCE_ROOT; };
		332A9BA313CB5B1E00EBEB86 /* egif_lib.c */ = {isa = PBXFileReference; fileEncoding = 4; lastKnownFileType = sourcecode.c.c; name = egif_lib.c; path = ../WDL/giflib/egif_lib.c; sourceTree = SOURCE_ROOT; };
		332A9BA413CB5B1E00EBEB86 /* gif_hash.c */ = {isa = PBXFileReference; fileEncoding = 4; lastKnownFileType = sourcecode.c.c; name = gif_hash.c; path = ../WDL/giflib/gif_hash.c; sourceTree = SOURCE_ROOT; };
		332A9BA513CB5B1E00EBEB86 /* gifalloc.c */ = {isa = PBXFileReference; fileEncoding = 4; lastKnownFileType = sourcecode.c.c; name = gifalloc.c; path = ../WDL/giflib/gifalloc.c; sourceTree = SOURCE_ROOT; };
		332A9BAD13CB5B4D00EBEB86 /* adler32.c */ = {isa = PBXFileReference; fileEncoding = 4; lastKnownFileType = sourcecode.c.c; name = adler32.c; path = ../WDL/zlib/adler32.c; sourceTree = SOURCE_ROOT; };
		332A9BAE13CB5B4D00EBEB86 /* compress.c */ = {isa = PBXFileReference; fileEncoding = 4; lastKnownFileType = sourcecode.c.c; name = compress.c; path = ../WDL/zlib/compress.c; sourceTree = SOURCE_ROOT; };
		332A9BAF13CB5B4D00EBEB86 /* crc32.c */ = {isa = PBXFileReference; fileEncoding = 4; lastKnownFileType = sourcecode.c.c; name = crc32.c; path = ../WDL/zlib/crc32.c; sourceTree = SOURCE_ROOT; };
		332A9BB013CB5B4D00EBEB86 /* crc32.h */ = {isa = PBXFileReference; fileEncoding = 4; lastKnownFileType = sourcecode.c.h; name = crc32.h; path = ../WDL/zlib/crc32.h; sourceTree = SOURCE_ROOT; };
		332A9BB113CB5B4D00EBEB86 /* deflate.c */ = {isa = PBXFileReference; fileEncoding = 4; lastKnownFileType = sourcecode.c.c; name = deflate.c; path = ../WDL/zlib/deflate.c; sourceTree = SOURCE_ROOT; };
		332A9BB213CB5B4D00EBEB86 /* deflate.h */ = {isa = PBXFileReference; fileEncoding = 4; lastKnownFileType = sourcecode.c.h; name = deflate.h; path = ../WDL/zlib/deflate.h; sourceTree = SOURCE_ROOT; };
		332A9BB313CB5B4D00EBEB86 /* infback.c */ = {isa = PBXFileReference; fileEncoding = 4; lastKnownFileType = sourcecode.c.c; name = infback.c; path = ../WDL/zlib/infback.c; sourceTree = SOURCE_ROOT; };
		332A9BB413CB5B4D00EBEB86 /* inffast.c */ = {isa = PBXFileReference; fileEncoding = 4; lastKnownFileType = sourcecode.c.c; name = inffast.c; path = ../WDL/zlib/inffast.c; sourceTree = SOURCE_ROOT; };
		332A9BB513CB5B4D00EBEB86 /* inffast.h */ = {isa = PBXFileReference; fileEncoding = 4; lastKnownFileType = sourcecode.c.h; name = inffast.h; path = ../WDL/zlib/inffast.h; sourceTree = SOURCE_ROOT; };
		332A9BB613CB5B4D00EBEB86 /* inffixed.h */ = {isa = PBXFileReference; fileEncoding = 4; lastKnownFileType = sourcecode.c.h; name = inffixed.h; path = ../WDL/zlib/inffixed.h; sourceTree = SOURCE_ROOT; };
		332A9BB713CB5B4D00EBEB86 /* inflate.c */ = {isa = PBXFileReference; fileEncoding = 4; lastKnownFileType = sourcecode.c.c; name = inflate.c; path = ../WDL/zlib/inflate.c; sourceTree = SOURCE_ROOT; };
		332A9BB813CB5B4D00EBEB86 /* inflate.h */ = {isa = PBXFileReference; fileEncoding = 4; lastKnownFileType = sourcecode.c.h; name = inflate.h; path = ../WDL/zlib/inflate.h; sourceTree = SOURCE_ROOT; };
		332A9BB913CB5B4D00EBEB86 /* inftrees.c */ = {isa = PBXFileReference; fileEncoding = 4; lastKnownFileType = sourcecode.c.c; name = inftrees.c; path = ../WDL/zlib/inftrees.c; sourceTree = SOURCE_ROOT; };
		332A9BBA13CB5B4D00EBEB86 /* inftrees.h */ = {isa = PBXFileReference; fileEncoding = 4; lastKnownFileType = sourcecode.c.h; name = inftrees.h; path = ../WDL/zlib/inftrees.h; sourceTree = SOURCE_ROOT; };
		332A9BBB13CB5B4D00EBEB86 /* ioapi.c */ = {isa = PBXFileReference; fileEncoding = 4; lastKnownFileType = sourcecode.c.c; name = ioapi.c; path = ../WDL/zlib/ioapi.c; sourceTree = SOURCE_ROOT; };
		332A9BBC13CB5B4D00EBEB86 /* ioapi.h */ = {isa = PBXFileReference; fileEncoding = 4; lastKnownFileType = sourcecode.c.h; name = ioapi.h; path = ../WDL/zlib/ioapi.h; sourceTree = SOURCE_ROOT; };
		332A9BBD13CB5B4D00EBEB86 /* trees.c */ = {isa = PBXFileReference; fileEncoding = 4; lastKnownFileType = sourcecode.c.c; name = trees.c; path = ../WDL/zlib/trees.c; sourceTree = SOURCE_ROOT; };
		332A9BBE13CB5B4D00EBEB86 /* trees.h */ = {isa = PBXFileReference; fileEncoding = 4; lastKnownFileType = sourcecode.c.h; name = trees.h; path = ../WDL/zlib/trees.h; sourceTree = SOURCE_ROOT; };
		332A9BBF13CB5B4D00EBEB86 /* uncompr.c */ = {isa = PBXFileReference; fileEncoding = 4; lastKnownFileType = sourcecode.c.c; name = uncompr.c; path = ../WDL/zlib/uncompr.c; sourceTree = SOURCE_ROOT; };
		332A9BC013CB5B4D00EBEB86 /* zconf.h */ = {isa = PBXFileReference; fileEncoding = 4; lastKnownFileType = sourcecode.c.h; name = zconf.h; path = ../WDL/zlib/zconf.h; sourceTree = SOURCE_ROOT; };
		332A9BC113CB5B4D00EBEB86 /* zconf.in.h */ = {isa = PBXFileReference; fileEncoding = 4; lastKnownFileType = sourcecode.c.h; name = zconf.in.h; path = ../WDL/zlib/zconf.in.h; sourceTree = SOURCE_ROOT; };
		332A9BC213CB5B4D00EBEB86 /* zlib.h */ = {isa = PBXFileReference; fileEncoding = 4; lastKnownFileType = sourcecode.c.h; name = zlib.h; path = ../WDL/zlib/zlib.h; sourceTree = SOURCE_ROOT; };
		332A9BC313CB5B4D00EBEB86 /* zutil.c */ = {isa = PBXFileReference; fileEncoding = 4; lastKnownFileType = sourcecode.c.c; name = zutil.c; path = ../WDL/zlib/zutil.c; sourceTree = SOURCE_ROOT; };
		332A9BC413CB5B4D00EBEB86 /* zutil.h */ = {isa = PBXFileReference; fileEncoding = 4; lastKnownFileType = sourcecode.c.h; name = zutil.h; path = ../WDL/zlib/zutil.h; sourceTree = SOURCE_ROOT; };
		332A9BD413CB5B6E00EBEB86 /* wndsize.cpp */ = {isa = PBXFileReference; fileEncoding = 4; lastKnownFileType = sourcecode.cpp.cpp; name = wndsize.cpp; path = ../WDL/wingui/wndsize.cpp; sourceTree = SOURCE_ROOT; };
		332A9BFA13CB5D7200EBEB86 /* filebrowse.cpp */ = {isa = PBXFileReference; fileEncoding = 4; lastKnownFileType = sourcecode.cpp.cpp; name = filebrowse.cpp; path = ../WDL/filebrowse.cpp; sourceTree = SOURCE_ROOT; };
		332A9CA813CB829300EBEB86 /* capturewindow.mm */ = {isa = PBXFileReference; fileEncoding = 4; lastKnownFileType = sourcecode.cpp.objcpp; path = capturewindow.mm; sourceTree = "<group>"; };
		332A9F7913CB982800EBEB86 /* OpenGL.framework */ = {isa = PBXFileReference; lastKnownFileType = wrapper.framework; name = OpenGL.framework; path = System/Library/Frameworks/OpenGL.framework; sourceTree = SDKROOT; };
		332AA01013CB9EB800EBEB86 /* licecap.icns */ = {isa = PBXFileReference; lastKnownFileType = image.icns; path = licecap.icns; sourceTree = "<group>"; };
		8D1107310486CEB800E47090 /* licecap-Info.plist */ = {isa = PBXFileReference; fileEncoding = 4; lastKnownFileType = text.plist.xml; path = "licecap-Info.plist"; sourceTree = "<group>"; };
		8D1107320486CEB800E47090 /* licecap.app */ = {isa = PBXFileReference; explicitFileType = wrapper.application; includeInIndex = 0; path = licecap.app; sourceTree = BUILT_PRODUCTS_DIR; };
/* End PBXFileReference section */

/* Begin PBXFrameworksBuildPhase section */
		8D11072E0486CEB800E47090 /* Frameworks */ = {
			isa = PBXFrameworksBuildPhase;
			buildActionMask = 2147483647;
			files = (
				8D11072F0486CEB800E47090 /* Cocoa.framework in Frameworks */,
				332A9B2C13CB587700EBEB86 /* Carbon.framework in Frameworks */,
				332A9F7A13CB982800EBEB86 /* OpenGL.framework in Frameworks */,
			);
			runOnlyForDeploymentPostprocessing = 0;
		};
/* End PBXFrameworksBuildPhase section */

/* Begin PBXGroup section */
		080E96DDFE201D6D7F000001 /* Classes */ = {
			isa = PBXGroup;
			children = (
			);
			name = Classes;
			sourceTree = "<group>";
		};
		1058C7A0FEA54F0111CA2CBB /* Linked Frameworks */ = {
			isa = PBXGroup;
			children = (
				1058C7A1FEA54F0111CA2CBB /* Cocoa.framework */,
				332A9B2B13CB587700EBEB86 /* Carbon.framework */,
				332A9F7913CB982800EBEB86 /* OpenGL.framework */,
			);
			name = "Linked Frameworks";
			sourceTree = "<group>";
		};
		1058C7A2FEA54F0111CA2CBB /* Other Frameworks */ = {
			isa = PBXGroup;
			children = (
				29B97324FDCFA39411CA2CEA /* AppKit.framework */,
				13E42FB307B3F0F600E4EEF1 /* CoreData.framework */,
				29B97325FDCFA39411CA2CEA /* Foundation.framework */,
			);
			name = "Other Frameworks";
			sourceTree = "<group>";
		};
		19C28FACFE9D520D11CA2CBB /* Products */ = {
			isa = PBXGroup;
			children = (
				8D1107320486CEB800E47090 /* licecap.app */,
			);
			name = Products;
			sourceTree = "<group>";
		};
		29B97314FDCFA39411CA2CEA /* licecap */ = {
			isa = PBXGroup;
			children = (
				080E96DDFE201D6D7F000001 /* Classes */,
				29B97315FDCFA39411CA2CEA /* Other Sources */,
				29B97317FDCFA39411CA2CEA /* Resources */,
				29B97323FDCFA39411CA2CEA /* Frameworks */,
				19C28FACFE9D520D11CA2CBB /* Products */,
			);
			name = licecap;
			sourceTree = "<group>";
		};
		29B97315FDCFA39411CA2CEA /* Other Sources */ = {
			isa = PBXGroup;
			children = (
				332A9BD313CB5B5900EBEB86 /* WDL */,
				332A9B3F13CB596200EBEB86 /* licecap_ui.cpp */,
				256AC3F00F4B6AF500CF3369 /* licecap_Prefix.pch */,
				29B97316FDCFA39411CA2CEA /* main.m */,
				332A9CA813CB829300EBEB86 /* capturewindow.mm */,
			);
			name = "Other Sources";
			sourceTree = "<group>";
		};
		29B97317FDCFA39411CA2CEA /* Resources */ = {
			isa = PBXGroup;
			children = (
				332AA01013CB9EB800EBEB86 /* licecap.icns */,
				8D1107310486CEB800E47090 /* licecap-Info.plist */,
				089C165CFE840E0CC02AAC07 /* InfoPlist.strings */,
				1DDD58140DA1D0A300B32029 /* MainMenu.xib */,
			);
			name = Resources;
			sourceTree = "<group>";
		};
		29B97323FDCFA39411CA2CEA /* Frameworks */ = {
			isa = PBXGroup;
			children = (
				1058C7A0FEA54F0111CA2CBB /* Linked Frameworks */,
				1058C7A2FEA54F0111CA2CBB /* Other Frameworks */,
			);
			name = Frameworks;
			sourceTree = "<group>";
		};
		332A9B0713CB581100EBEB86 /* swell */ = {
			isa = PBXGroup;
			children = (
				332A9B0813CB584E00EBEB86 /* swell-appstub.mm */,
				332A9B0913CB584E00EBEB86 /* swell-dlg.mm */,
				332A9B0A13CB584E00EBEB86 /* swell-dlggen.h */,
				332A9B0B13CB584E00EBEB86 /* swell-functions.h */,
				332A9B0C13CB584E00EBEB86 /* swell-gdi-internalpool.h */,
				332A9B0D13CB584E00EBEB86 /* swell-gdi.mm */,
				332A9B0E13CB584E00EBEB86 /* swell-ini.cpp */,
				332A9B0F13CB584E00EBEB86 /* swell-internal.h */,
				332A9B1013CB584E00EBEB86 /* swell-kb.mm */,
				332A9B1113CB584E00EBEB86 /* swell-menu.mm */,
				332A9B1213CB584E00EBEB86 /* swell-menugen.h */,
				332A9B1313CB584E00EBEB86 /* swell-misc.mm */,
				332A9B1413CB584E00EBEB86 /* swell-miscdlg.mm */,
				332A9B1513CB584E00EBEB86 /* swell-types.h */,
				332A9B1613CB584E00EBEB86 /* swell-wnd.mm */,
				332A9B1713CB584E00EBEB86 /* swell.cpp */,
				332A9B1813CB584E00EBEB86 /* swell.h */,
				332A9B1913CB584E00EBEB86 /* swellappmain.h */,
				332A9B1A13CB584E00EBEB86 /* swellappmain.mm */,
			);
			name = swell;
			sourceTree = "<group>";
		};
		332A9B8513CB5AB700EBEB86 /* lice */ = {
			isa = PBXGroup;
			children = (
				332A9B8613CB5B0000EBEB86 /* lice_arc.cpp */,
				332A9B8713CB5B0000EBEB86 /* lice_bezier.h */,
				332A9B8813CB5B0000EBEB86 /* lice_colorspace.cpp */,
				332A9B8913CB5B0000EBEB86 /* lice_combine.h */,
				332A9B8A13CB5B0000EBEB86 /* lice_extended.h */,
				332A9B8B13CB5B0000EBEB86 /* lice_gif_write.cpp */,
				332A9B8C13CB5B0000EBEB86 /* lice_gif.cpp */,
				332A9B8D13CB5B0000EBEB86 /* lice_lcf.cpp */,
				332A9B8E13CB5B0000EBEB86 /* lice_lcf.h */,
				332A9B8F13CB5B0000EBEB86 /* lice_line.cpp */,
				332A9B9013CB5B0000EBEB86 /* lice_palette.cpp */,
				332A9B9113CB5B0000EBEB86 /* lice_text.cpp */,
				332A9B9213CB5B0000EBEB86 /* lice_text.h */,
				332A9B9313CB5B0000EBEB86 /* lice.cpp */,
			);
			name = lice;
			sourceTree = "<group>";
		};
		332A9BA113CB5B0900EBEB86 /* giflib */ = {
			isa = PBXGroup;
			children = (
				332A9BA213CB5B1E00EBEB86 /* dgif_lib.c */,
				332A9BA313CB5B1E00EBEB86 /* egif_lib.c */,
				332A9BA413CB5B1E00EBEB86 /* gif_hash.c */,
				332A9BA513CB5B1E00EBEB86 /* gifalloc.c */,
			);
			name = giflib;
			sourceTree = "<group>";
		};
		332A9BAC13CB5B2600EBEB86 /* zlib */ = {
			isa = PBXGroup;
			children = (
				332A9BAD13CB5B4D00EBEB86 /* adler32.c */,
				332A9BAE13CB5B4D00EBEB86 /* compress.c */,
				332A9BAF13CB5B4D00EBEB86 /* crc32.c */,
				332A9BB013CB5B4D00EBEB86 /* crc32.h */,
				332A9BB113CB5B4D00EBEB86 /* deflate.c */,
				332A9BB213CB5B4D00EBEB86 /* deflate.h */,
				332A9BB313CB5B4D00EBEB86 /* infback.c */,
				332A9BB413CB5B4D00EBEB86 /* inffast.c */,
				332A9BB513CB5B4D00EBEB86 /* inffast.h */,
				332A9BB613CB5B4D00EBEB86 /* inffixed.h */,
				332A9BB713CB5B4D00EBEB86 /* inflate.c */,
				332A9BB813CB5B4D00EBEB86 /* inflate.h */,
				332A9BB913CB5B4D00EBEB86 /* inftrees.c */,
				332A9BBA13CB5B4D00EBEB86 /* inftrees.h */,
				332A9BBB13CB5B4D00EBEB86 /* ioapi.c */,
				332A9BBC13CB5B4D00EBEB86 /* ioapi.h */,
				332A9BBD13CB5B4D00EBEB86 /* trees.c */,
				332A9BBE13CB5B4D00EBEB86 /* trees.h */,
				332A9BBF13CB5B4D00EBEB86 /* uncompr.c */,
				332A9BC013CB5B4D00EBEB86 /* zconf.h */,
				332A9BC113CB5B4D00EBEB86 /* zconf.in.h */,
				332A9BC213CB5B4D00EBEB86 /* zlib.h */,
				332A9BC313CB5B4D00EBEB86 /* zutil.c */,
				332A9BC413CB5B4D00EBEB86 /* zutil.h */,
			);
			name = zlib;
			sourceTree = "<group>";
		};
		332A9BD313CB5B5900EBEB86 /* WDL */ = {
			isa = PBXGroup;
			children = (
				332A9BFA13CB5D7200EBEB86 /* filebrowse.cpp */,
				332A9BD413CB5B6E00EBEB86 /* wndsize.cpp */,
				332A9BAC13CB5B2600EBEB86 /* zlib */,
				332A9BA113CB5B0900EBEB86 /* giflib */,
				332A9B8513CB5AB700EBEB86 /* lice */,
				332A9B0713CB581100EBEB86 /* swell */,
			);
			name = WDL;
			sourceTree = "<group>";
		};
/* End PBXGroup section */

/* Begin PBXNativeTarget section */
		8D1107260486CEB800E47090 /* licecap */ = {
			isa = PBXNativeTarget;
			buildConfigurationList = C01FCF4A08A954540054247B /* Build configuration list for PBXNativeTarget "licecap" */;
			buildPhases = (
				337B08E01FD2E2D400392953 /* ShellScript */,
				8D1107290486CEB800E47090 /* Resources */,
				8D11072C0486CEB800E47090 /* Sources */,
				8D11072E0486CEB800E47090 /* Frameworks */,
			);
			buildRules = (
				33B2B31C13EB971F006B51F2 /* PBXBuildRule */,
				33B2B31D13EB971F006B51F2 /* PBXBuildRule */,
			);
			dependencies = (
			);
			name = licecap;
			productInstallPath = "$(HOME)/Applications";
			productName = licecap;
			productReference = 8D1107320486CEB800E47090 /* licecap.app */;
			productType = "com.apple.product-type.application";
		};
/* End PBXNativeTarget section */

/* Begin PBXProject section */
		29B97313FDCFA39411CA2CEA /* Project object */ = {
			isa = PBXProject;
			buildConfigurationList = C01FCF4E08A954540054247B /* Build configuration list for PBXProject "licecap" */;
			compatibilityVersion = "Xcode 3.1";
			hasScannedForEncodings = 1;
			knownRegions = (
				English,
				Japanese,
				French,
				German,
			);
			mainGroup = 29B97314FDCFA39411CA2CEA /* licecap */;
			projectDirPath = "";
			projectRoot = "";
			targets = (
				8D1107260486CEB800E47090 /* licecap */,
			);
		};
/* End PBXProject section */

/* Begin PBXResourcesBuildPhase section */
		8D1107290486CEB800E47090 /* Resources */ = {
			isa = PBXResourcesBuildPhase;
			buildActionMask = 2147483647;
			files = (
				8D11072B0486CEB800E47090 /* InfoPlist.strings in Resources */,
				1DDD58160DA1D0A300B32029 /* MainMenu.xib in Resources */,
				332AA01113CB9EB800EBEB86 /* licecap.icns in Resources */,
			);
			runOnlyForDeploymentPostprocessing = 0;
		};
/* End PBXResourcesBuildPhase section */

/* Begin PBXShellScriptBuildPhase section */
		337B08E01FD2E2D400392953 /* ShellScript */ = {
			isa = PBXShellScriptBuildPhase;
			buildActionMask = 2147483647;
			files = (
			);
			inputPaths = (
			);
			outputPaths = (
			);
			runOnlyForDeploymentPostprocessing = 0;
			shellPath = /bin/sh;
			shellScript = "/usr/bin/php ../WDL/swell/mac_resgen.php licecap.rc";
			showEnvVarsInLog = 0;
		};
/* End PBXShellScriptBuildPhase section */

/* Begin PBXSourcesBuildPhase section */
		8D11072C0486CEB800E47090 /* Sources */ = {
			isa = PBXSourcesBuildPhase;
			buildActionMask = 2147483647;
			files = (
				8D11072D0486CEB800E47090 /* main.m in Sources */,
				332A9B1B13CB584E00EBEB86 /* swell-appstub.mm in Sources */,
				332A9B1C13CB584E00EBEB86 /* swell-dlg.mm in Sources */,
				332A9B1D13CB584E00EBEB86 /* swell-gdi.mm in Sources */,
				332A9B1E13CB584E00EBEB86 /* swell-ini.cpp in Sources */,
				332A9B1F13CB584E00EBEB86 /* swell-kb.mm in Sources */,
				332A9B2013CB584E00EBEB86 /* swell-menu.mm in Sources */,
				332A9B2113CB584E00EBEB86 /* swell-misc.mm in Sources */,
				332A9B2213CB584E00EBEB86 /* swell-miscdlg.mm in Sources */,
				332A9B2313CB584E00EBEB86 /* swell-wnd.mm in Sources */,
				332A9B2413CB584E00EBEB86 /* swell.cpp in Sources */,
				332A9B2513CB584E00EBEB86 /* swellappmain.mm in Sources */,
				332A9B4013CB596200EBEB86 /* licecap_ui.cpp in Sources */,
				332A9B9413CB5B0000EBEB86 /* lice_arc.cpp in Sources */,
				332A9B9513CB5B0000EBEB86 /* lice_colorspace.cpp in Sources */,
				332A9B9613CB5B0000EBEB86 /* lice_gif_write.cpp in Sources */,
				332A9B9713CB5B0000EBEB86 /* lice_gif.cpp in Sources */,
				332A9B9813CB5B0000EBEB86 /* lice_lcf.cpp in Sources */,
				332A9B9913CB5B0000EBEB86 /* lice_line.cpp in Sources */,
				332A9B9A13CB5B0000EBEB86 /* lice_palette.cpp in Sources */,
				332A9B9B13CB5B0000EBEB86 /* lice_text.cpp in Sources */,
				332A9B9C13CB5B0000EBEB86 /* lice.cpp in Sources */,
				332A9BA613CB5B1E00EBEB86 /* dgif_lib.c in Sources */,
				332A9BA713CB5B1E00EBEB86 /* egif_lib.c in Sources */,
				332A9BA813CB5B1E00EBEB86 /* gif_hash.c in Sources */,
				332A9BA913CB5B1E00EBEB86 /* gifalloc.c in Sources */,
				332A9BC513CB5B4D00EBEB86 /* adler32.c in Sources */,
				332A9BC613CB5B4D00EBEB86 /* compress.c in Sources */,
				332A9BC713CB5B4D00EBEB86 /* crc32.c in Sources */,
				332A9BC813CB5B4D00EBEB86 /* deflate.c in Sources */,
				332A9BC913CB5B4D00EBEB86 /* infback.c in Sources */,
				332A9BCA13CB5B4D00EBEB86 /* inffast.c in Sources */,
				332A9BCB13CB5B4D00EBEB86 /* inflate.c in Sources */,
				332A9BCC13CB5B4D00EBEB86 /* inftrees.c in Sources */,
				332A9BCD13CB5B4D00EBEB86 /* ioapi.c in Sources */,
				332A9BCE13CB5B4D00EBEB86 /* trees.c in Sources */,
				332A9BCF13CB5B4D00EBEB86 /* uncompr.c in Sources */,
				332A9BD013CB5B4D00EBEB86 /* zutil.c in Sources */,
				332A9BD513CB5B6E00EBEB86 /* wndsize.cpp in Sources */,
				332A9BFB13CB5D7200EBEB86 /* filebrowse.cpp in Sources */,
				332A9CA913CB829300EBEB86 /* capturewindow.mm in Sources */,
			);
			runOnlyForDeploymentPostprocessing = 0;
		};
/* End PBXSourcesBuildPhase section */

/* Begin PBXVariantGroup section */
		089C165CFE840E0CC02AAC07 /* InfoPlist.strings */ = {
			isa = PBXVariantGroup;
			children = (
				089C165DFE840E0CC02AAC07 /* English */,
			);
			name = InfoPlist.strings;
			sourceTree = "<group>";
		};
		1DDD58140DA1D0A300B32029 /* MainMenu.xib */ = {
			isa = PBXVariantGroup;
			children = (
				1DDD58150DA1D0A300B32029 /* English */,
			);
			name = MainMenu.xib;
			sourceTree = "<group>";
		};
/* End PBXVariantGroup section */

/* Begin XCBuildConfiguration section */
		C01FCF4B08A954540054247B /* Debug */ = {
			isa = XCBuildConfiguration;
			buildSettings = {
				ALWAYS_SEARCH_USER_PATHS = NO;
				COPY_PHASE_STRIP = NO;
				GCC_DYNAMIC_NO_PIC = NO;
				GCC_ENABLE_FIX_AND_CONTINUE = YES;
				GCC_MODEL_TUNING = G5;
				GCC_OPTIMIZATION_LEVEL = 0;
				GCC_PRECOMPILE_PREFIX_HEADER = YES;
				GCC_PREFIX_HEADER = licecap_Prefix.pch;
				INFOPLIST_FILE = "licecap-Info.plist";
				INSTALL_PATH = "$(HOME)/Applications";
				PRODUCT_NAME = licecap;
			};
			name = Debug;
		};
		C01FCF4C08A954540054247B /* Release */ = {
			isa = XCBuildConfiguration;
			buildSettings = {
				ALWAYS_SEARCH_USER_PATHS = NO;
				DEBUG_INFORMATION_FORMAT = "dwarf-with-dsym";
				GCC_MODEL_TUNING = G5;
				GCC_PRECOMPILE_PREFIX_HEADER = YES;
				GCC_PREFIX_HEADER = licecap_Prefix.pch;
				INFOPLIST_FILE = "licecap-Info.plist";
				INSTALL_PATH = "$(HOME)/Applications";
				PRODUCT_NAME = licecap;
			};
			name = Release;
		};
		C01FCF4F08A954540054247B /* Debug */ = {
			isa = XCBuildConfiguration;
			buildSettings = {
				ARCHS = "$(ARCHS_STANDARD_32_BIT)";
				GCC_C_LANGUAGE_STANDARD = gnu99;
				GCC_OPTIMIZATION_LEVEL = 0;
				GCC_VERSION = "";
				GCC_WARN_ABOUT_RETURN_TYPE = YES;
				GCC_WARN_UNUSED_VARIABLE = YES;
				MACOSX_DEPLOYMENT_TARGET = 10.4;
				ONLY_ACTIVE_ARCH = YES;
				PREBINDING = NO;
				SDKROOT = macosx10.6;
			};
			name = Debug;
		};
		C01FCF5008A954540054247B /* Release */ = {
			isa = XCBuildConfiguration;
			buildSettings = {
				ARCHS = "$(ARCHS_STANDARD_32_BIT)";
				GCC_C_LANGUAGE_STANDARD = gnu99;
				GCC_VERSION = "";
				GCC_WARN_ABOUT_RETURN_TYPE = YES;
				GCC_WARN_UNUSED_VARIABLE = YES;
				MACOSX_DEPLOYMENT_TARGET = 10.4;
				PREBINDING = NO;
				SDKROOT = macosx10.6;
			};
			name = Release;
		};
/* End XCBuildConfiguration section */

/* Begin XCConfigurationList section */
		C01FCF4A08A954540054247B /* Build configuration list for PBXNativeTarget "licecap" */ = {
			isa = XCConfigurationList;
			buildConfigurations = (
				C01FCF4B08A954540054247B /* Debug */,
				C01FCF4C08A954540054247B /* Release */,
			);
			defaultConfigurationIsVisible = 0;
			defaultConfigurationName = Release;
		};
		C01FCF4E08A954540054247B /* Build configuration list for PBXProject "licecap" */ = {
			isa = XCConfigurationList;
			buildConfigurations = (
				C01FCF4F08A954540054247B /* Debug */,
				C01FCF5008A954540054247B /* Release */,
			);
			defaultConfigurationIsVisible = 0;
			defaultConfigurationName = Release;
		};
/* End XCConfigurationList section */
	};
	rootObject = 29B97313FDCFA39411CA2CEA /* Project object */;
}
