// !$*UTF8*$!
{
	archiveVersion = 1;
	classes = {
	};
	objectVersion = 44;
	objects = {

/* Begin PBXBuildFile section */
		452A87500FCBFE1900360071 /* aeffect.h in Headers */ = {isa = PBXBuildFile; fileRef = 452A874E0FCBFE1900360071 /* aeffect.h */; };
		452A87510FCBFE1900360071 /* aeffectx.h in Headers */ = {isa = PBXBuildFile; fileRef = 452A874F0FCBFE1900360071 /* aeffectx.h */; };
		452A87830FCBFFDD00360071 /* lice_arc.cpp in Sources */ = {isa = PBXBuildFile; fileRef = 452A87670FCBFFDD00360071 /* lice_arc.cpp */; };
		452A87840FCBFFDD00360071 /* lice_bezier.h in Headers */ = {isa = PBXBuildFile; fileRef = 452A87680FCBFFDD00360071 /* lice_bezier.h */; };
		452A87850FCBFFDD00360071 /* lice_bmp.cpp in Sources */ = {isa = PBXBuildFile; fileRef = 452A87690FCBFFDD00360071 /* lice_bmp.cpp */; };
		452A87860FCBFFDD00360071 /* lice_colorspace.cpp in Sources */ = {isa = PBXBuildFile; fileRef = 452A876A0FCBFFDD00360071 /* lice_colorspace.cpp */; };
		452A87870FCBFFDD00360071 /* lice_combine.h in Headers */ = {isa = PBXBuildFile; fileRef = 452A876B0FCBFFDD00360071 /* lice_combine.h */; };
		452A87880FCBFFDD00360071 /* lice_extended.h in Headers */ = {isa = PBXBuildFile; fileRef = 452A876C0FCBFFDD00360071 /* lice_extended.h */; };
		452A878F0FCBFFDD00360071 /* lice_image.cpp in Sources */ = {isa = PBXBuildFile; fileRef = 452A87730FCBFFDD00360071 /* lice_image.cpp */; };
		452A87900FCBFFDD00360071 /* lice_jpg.cpp in Sources */ = {isa = PBXBuildFile; fileRef = 452A87740FCBFFDD00360071 /* lice_jpg.cpp */; };
		452A87910FCBFFDD00360071 /* lice_line.cpp in Sources */ = {isa = PBXBuildFile; fileRef = 452A87750FCBFFDD00360071 /* lice_line.cpp */; };
		452A87940FCBFFDD00360071 /* lice_png.cpp in Sources */ = {isa = PBXBuildFile; fileRef = 452A87780FCBFFDD00360071 /* lice_png.cpp */; };
		452A87970FCBFFDD00360071 /* lice_text.cpp in Sources */ = {isa = PBXBuildFile; fileRef = 452A877B0FCBFFDD00360071 /* lice_text.cpp */; };
		452A87980FCBFFDD00360071 /* lice_text.h in Headers */ = {isa = PBXBuildFile; fileRef = 452A877C0FCBFFDD00360071 /* lice_text.h */; };
		452A87990FCBFFDD00360071 /* lice_textnew.cpp in Sources */ = {isa = PBXBuildFile; fileRef = 452A877D0FCBFFDD00360071 /* lice_textnew.cpp */; };
		452A879A0FCBFFDD00360071 /* lice.cpp in Sources */ = {isa = PBXBuildFile; fileRef = 452A877E0FCBFFDD00360071 /* lice.cpp */; };
		452A879B0FCBFFDD00360071 /* lice.h in Headers */ = {isa = PBXBuildFile; fileRef = 452A87810FCBFFDD00360071 /* lice.h */; };
		452A87A50FCC004600360071 /* swell.h in Headers */ = {isa = PBXBuildFile; fileRef = 452A87A40FCC004600360071 /* swell.h */; };
		452A89060FCC0A2D00360071 /* adler32.c in Sources */ = {isa = PBXBuildFile; fileRef = 452A88ED0FCC0A2D00360071 /* adler32.c */; };
		452A89070FCC0A2D00360071 /* compress.c in Sources */ = {isa = PBXBuildFile; fileRef = 452A88EE0FCC0A2D00360071 /* compress.c */; };
		452A89080FCC0A2D00360071 /* crc32.c in Sources */ = {isa = PBXBuildFile; fileRef = 452A88EF0FCC0A2D00360071 /* crc32.c */; };
		452A89090FCC0A2D00360071 /* crc32.h in Headers */ = {isa = PBXBuildFile; fileRef = 452A88F00FCC0A2D00360071 /* crc32.h */; };
		452A890A0FCC0A2D00360071 /* deflate.c in Sources */ = {isa = PBXBuildFile; fileRef = 452A88F10FCC0A2D00360071 /* deflate.c */; };
		452A890B0FCC0A2D00360071 /* deflate.h in Headers */ = {isa = PBXBuildFile; fileRef = 452A88F20FCC0A2D00360071 /* deflate.h */; };
		452A890D0FCC0A2D00360071 /* infback.c in Sources */ = {isa = PBXBuildFile; fileRef = 452A88F40FCC0A2D00360071 /* infback.c */; };
		452A890E0FCC0A2D00360071 /* inffast.c in Sources */ = {isa = PBXBuildFile; fileRef = 452A88F50FCC0A2D00360071 /* inffast.c */; };
		452A890F0FCC0A2D00360071 /* inffast.h in Headers */ = {isa = PBXBuildFile; fileRef = 452A88F60FCC0A2D00360071 /* inffast.h */; };
		452A89100FCC0A2D00360071 /* inffixed.h in Headers */ = {isa = PBXBuildFile; fileRef = 452A88F70FCC0A2D00360071 /* inffixed.h */; };
		452A89110FCC0A2D00360071 /* inflate.c in Sources */ = {isa = PBXBuildFile; fileRef = 452A88F80FCC0A2D00360071 /* inflate.c */; };
		452A89120FCC0A2D00360071 /* inflate.h in Headers */ = {isa = PBXBuildFile; fileRef = 452A88F90FCC0A2D00360071 /* inflate.h */; };
		452A89130FCC0A2D00360071 /* inftrees.c in Sources */ = {isa = PBXBuildFile; fileRef = 452A88FA0FCC0A2D00360071 /* inftrees.c */; };
		452A89140FCC0A2D00360071 /* inftrees.h in Headers */ = {isa = PBXBuildFile; fileRef = 452A88FB0FCC0A2D00360071 /* inftrees.h */; };
		452A89150FCC0A2D00360071 /* minigzip.c in Sources */ = {isa = PBXBuildFile; fileRef = 452A88FC0FCC0A2D00360071 /* minigzip.c */; };
		452A89160FCC0A2D00360071 /* trees.c in Sources */ = {isa = PBXBuildFile; fileRef = 452A88FD0FCC0A2D00360071 /* trees.c */; };
		452A89170FCC0A2D00360071 /* trees.h in Headers */ = {isa = PBXBuildFile; fileRef = 452A88FE0FCC0A2D00360071 /* trees.h */; };
		452A89180FCC0A2D00360071 /* uncompr.c in Sources */ = {isa = PBXBuildFile; fileRef = 452A88FF0FCC0A2D00360071 /* uncompr.c */; };
		452A89190FCC0A2D00360071 /* zconf.h in Headers */ = {isa = PBXBuildFile; fileRef = 452A89000FCC0A2D00360071 /* zconf.h */; };
		452A891A0FCC0A2D00360071 /* zconf.in.h in Headers */ = {isa = PBXBuildFile; fileRef = 452A89010FCC0A2D00360071 /* zconf.in.h */; };
		452A891B0FCC0A2D00360071 /* zlib.h in Headers */ = {isa = PBXBuildFile; fileRef = 452A89020FCC0A2D00360071 /* zlib.h */; };
		452A891C0FCC0A2D00360071 /* zutil.c in Sources */ = {isa = PBXBuildFile; fileRef = 452A89030FCC0A2D00360071 /* zutil.c */; };
		452A891D0FCC0A2D00360071 /* zutil.h in Headers */ = {isa = PBXBuildFile; fileRef = 452A89040FCC0A2D00360071 /* zutil.h */; };
		452A891E0FCC0A2D00360071 /* gzio.c in Sources */ = {isa = PBXBuildFile; fileRef = 452A89050FCC0A2D00360071 /* gzio.c */; };
		452A895D0FCC0A4C00360071 /* jcapimin.c in Sources */ = {isa = PBXBuildFile; fileRef = 452A89220FCC0A4C00360071 /* jcapimin.c */; };
		452A895E0FCC0A4C00360071 /* jcapistd.c in Sources */ = {isa = PBXBuildFile; fileRef = 452A89230FCC0A4C00360071 /* jcapistd.c */; };
		452A895F0FCC0A4C00360071 /* jccoefct.c in Sources */ = {isa = PBXBuildFile; fileRef = 452A89240FCC0A4C00360071 /* jccoefct.c */; };
		452A89600FCC0A4C00360071 /* jccolor.c in Sources */ = {isa = PBXBuildFile; fileRef = 452A89250FCC0A4C00360071 /* jccolor.c */; };
		452A89610FCC0A4C00360071 /* jcdctmgr.c in Sources */ = {isa = PBXBuildFile; fileRef = 452A89260FCC0A4C00360071 /* jcdctmgr.c */; };
		452A89620FCC0A4C00360071 /* jchuff.c in Sources */ = {isa = PBXBuildFile; fileRef = 452A89270FCC0A4C00360071 /* jchuff.c */; };
		452A89630FCC0A4C00360071 /* jchuff.h in Headers */ = {isa = PBXBuildFile; fileRef = 452A89280FCC0A4C00360071 /* jchuff.h */; };
		452A89640FCC0A4C00360071 /* jcinit.c in Sources */ = {isa = PBXBuildFile; fileRef = 452A89290FCC0A4C00360071 /* jcinit.c */; };
		452A89650FCC0A4C00360071 /* jcmainct.c in Sources */ = {isa = PBXBuildFile; fileRef = 452A892A0FCC0A4C00360071 /* jcmainct.c */; };
		452A89660FCC0A4C00360071 /* jcmarker.c in Sources */ = {isa = PBXBuildFile; fileRef = 452A892B0FCC0A4C00360071 /* jcmarker.c */; };
		452A89670FCC0A4C00360071 /* jcmaster.c in Sources */ = {isa = PBXBuildFile; fileRef = 452A892C0FCC0A4C00360071 /* jcmaster.c */; };
		452A89680FCC0A4C00360071 /* jcomapi.c in Sources */ = {isa = PBXBuildFile; fileRef = 452A892D0FCC0A4C00360071 /* jcomapi.c */; };
		452A89690FCC0A4C00360071 /* jconfig.h in Headers */ = {isa = PBXBuildFile; fileRef = 452A892E0FCC0A4C00360071 /* jconfig.h */; };
		452A896A0FCC0A4C00360071 /* jcparam.c in Sources */ = {isa = PBXBuildFile; fileRef = 452A892F0FCC0A4C00360071 /* jcparam.c */; };
		452A896B0FCC0A4C00360071 /* jcphuff.c in Sources */ = {isa = PBXBuildFile; fileRef = 452A89300FCC0A4C00360071 /* jcphuff.c */; };
		452A896C0FCC0A4C00360071 /* jcprepct.c in Sources */ = {isa = PBXBuildFile; fileRef = 452A89310FCC0A4C00360071 /* jcprepct.c */; };
		452A896D0FCC0A4C00360071 /* jcsample.c in Sources */ = {isa = PBXBuildFile; fileRef = 452A89320FCC0A4C00360071 /* jcsample.c */; };
		452A896E0FCC0A4C00360071 /* jctrans.c in Sources */ = {isa = PBXBuildFile; fileRef = 452A89330FCC0A4C00360071 /* jctrans.c */; };
		452A896F0FCC0A4C00360071 /* jdapimin.c in Sources */ = {isa = PBXBuildFile; fileRef = 452A89340FCC0A4C00360071 /* jdapimin.c */; };
		452A89700FCC0A4C00360071 /* jdapistd.c in Sources */ = {isa = PBXBuildFile; fileRef = 452A89350FCC0A4C00360071 /* jdapistd.c */; };
		452A89710FCC0A4C00360071 /* jdatadst.c in Sources */ = {isa = PBXBuildFile; fileRef = 452A89360FCC0A4C00360071 /* jdatadst.c */; };
		452A89720FCC0A4C00360071 /* jdatasrc.c in Sources */ = {isa = PBXBuildFile; fileRef = 452A89370FCC0A4C00360071 /* jdatasrc.c */; };
		452A89730FCC0A4C00360071 /* jdcoefct.c in Sources */ = {isa = PBXBuildFile; fileRef = 452A89380FCC0A4C00360071 /* jdcoefct.c */; };
		452A89740FCC0A4C00360071 /* jdcolor.c in Sources */ = {isa = PBXBuildFile; fileRef = 452A89390FCC0A4C00360071 /* jdcolor.c */; };
		452A89750FCC0A4C00360071 /* jdct.h in Headers */ = {isa = PBXBuildFile; fileRef = 452A893A0FCC0A4C00360071 /* jdct.h */; };
		452A89760FCC0A4C00360071 /* jddctmgr.c in Sources */ = {isa = PBXBuildFile; fileRef = 452A893B0FCC0A4C00360071 /* jddctmgr.c */; };
		452A89770FCC0A4C00360071 /* jdhuff.c in Sources */ = {isa = PBXBuildFile; fileRef = 452A893C0FCC0A4C00360071 /* jdhuff.c */; };
		452A89780FCC0A4C00360071 /* jdhuff.h in Headers */ = {isa = PBXBuildFile; fileRef = 452A893D0FCC0A4C00360071 /* jdhuff.h */; };
		452A89790FCC0A4C00360071 /* jdinput.c in Sources */ = {isa = PBXBuildFile; fileRef = 452A893E0FCC0A4C00360071 /* jdinput.c */; };
		452A897A0FCC0A4C00360071 /* jdmainct.c in Sources */ = {isa = PBXBuildFile; fileRef = 452A893F0FCC0A4C00360071 /* jdmainct.c */; };
		452A897B0FCC0A4C00360071 /* jdmarker.c in Sources */ = {isa = PBXBuildFile; fileRef = 452A89400FCC0A4C00360071 /* jdmarker.c */; };
		452A897C0FCC0A4C00360071 /* jdmaster.c in Sources */ = {isa = PBXBuildFile; fileRef = 452A89410FCC0A4C00360071 /* jdmaster.c */; };
		452A897D0FCC0A4C00360071 /* jdmerge.c in Sources */ = {isa = PBXBuildFile; fileRef = 452A89420FCC0A4C00360071 /* jdmerge.c */; };
		452A897E0FCC0A4C00360071 /* jdphuff.c in Sources */ = {isa = PBXBuildFile; fileRef = 452A89430FCC0A4C00360071 /* jdphuff.c */; };
		452A897F0FCC0A4C00360071 /* jdpostct.c in Sources */ = {isa = PBXBuildFile; fileRef = 452A89440FCC0A4C00360071 /* jdpostct.c */; };
		452A89800FCC0A4C00360071 /* jdsample.c in Sources */ = {isa = PBXBuildFile; fileRef = 452A89450FCC0A4C00360071 /* jdsample.c */; };
		452A89810FCC0A4C00360071 /* jdtrans.c in Sources */ = {isa = PBXBuildFile; fileRef = 452A89460FCC0A4C00360071 /* jdtrans.c */; };
		452A89820FCC0A4C00360071 /* jerror.c in Sources */ = {isa = PBXBuildFile; fileRef = 452A89470FCC0A4C00360071 /* jerror.c */; };
		452A89830FCC0A4C00360071 /* jerror.h in Headers */ = {isa = PBXBuildFile; fileRef = 452A89480FCC0A4C00360071 /* jerror.h */; };
		452A89840FCC0A4C00360071 /* jfdctflt.c in Sources */ = {isa = PBXBuildFile; fileRef = 452A89490FCC0A4C00360071 /* jfdctflt.c */; };
		452A89850FCC0A4C00360071 /* jfdctfst.c in Sources */ = {isa = PBXBuildFile; fileRef = 452A894A0FCC0A4C00360071 /* jfdctfst.c */; };
		452A89860FCC0A4C00360071 /* jfdctint.c in Sources */ = {isa = PBXBuildFile; fileRef = 452A894B0FCC0A4C00360071 /* jfdctint.c */; };
		452A89870FCC0A4C00360071 /* jidctflt.c in Sources */ = {isa = PBXBuildFile; fileRef = 452A894C0FCC0A4C00360071 /* jidctflt.c */; };
		452A89880FCC0A4C00360071 /* jidctfst.c in Sources */ = {isa = PBXBuildFile; fileRef = 452A894D0FCC0A4C00360071 /* jidctfst.c */; };
		452A89890FCC0A4C00360071 /* jidctint.c in Sources */ = {isa = PBXBuildFile; fileRef = 452A894E0FCC0A4C00360071 /* jidctint.c */; };
		452A898A0FCC0A4C00360071 /* jidctred.c in Sources */ = {isa = PBXBuildFile; fileRef = 452A894F0FCC0A4C00360071 /* jidctred.c */; };
		452A898B0FCC0A4C00360071 /* jinclude.h in Headers */ = {isa = PBXBuildFile; fileRef = 452A89500FCC0A4C00360071 /* jinclude.h */; };
		452A898C0FCC0A4C00360071 /* jmemmgr.c in Sources */ = {isa = PBXBuildFile; fileRef = 452A89510FCC0A4C00360071 /* jmemmgr.c */; };
		452A898D0FCC0A4C00360071 /* jmemnobs.c in Sources */ = {isa = PBXBuildFile; fileRef = 452A89520FCC0A4C00360071 /* jmemnobs.c */; };
		452A898E0FCC0A4C00360071 /* jmemsys.h in Headers */ = {isa = PBXBuildFile; fileRef = 452A89530FCC0A4C00360071 /* jmemsys.h */; };
		452A898F0FCC0A4C00360071 /* jmorecfg.h in Headers */ = {isa = PBXBuildFile; fileRef = 452A89540FCC0A4C00360071 /* jmorecfg.h */; };
		452A89900FCC0A4C00360071 /* jpegint.h in Headers */ = {isa = PBXBuildFile; fileRef = 452A89550FCC0A4C00360071 /* jpegint.h */; };
		452A89910FCC0A4C00360071 /* jpeglib.h in Headers */ = {isa = PBXBuildFile; fileRef = 452A89560FCC0A4C00360071 /* jpeglib.h */; };
		452A89920FCC0A4C00360071 /* jquant1.c in Sources */ = {isa = PBXBuildFile; fileRef = 452A89570FCC0A4C00360071 /* jquant1.c */; };
		452A89930FCC0A4C00360071 /* jquant2.c in Sources */ = {isa = PBXBuildFile; fileRef = 452A89580FCC0A4C00360071 /* jquant2.c */; };
		452A89940FCC0A4C00360071 /* jutils.c in Sources */ = {isa = PBXBuildFile; fileRef = 452A89590FCC0A4C00360071 /* jutils.c */; };
		452A89950FCC0A4C00360071 /* jversion.h in Headers */ = {isa = PBXBuildFile; fileRef = 452A895A0FCC0A4C00360071 /* jversion.h */; };
		452A89AA0FCC0A6500360071 /* png.c in Sources */ = {isa = PBXBuildFile; fileRef = 452A89960FCC0A6500360071 /* png.c */; };
		452A89AB0FCC0A6500360071 /* png.h in Headers */ = {isa = PBXBuildFile; fileRef = 452A89970FCC0A6500360071 /* png.h */; };
		452A89AC0FCC0A6500360071 /* pngconf.h in Headers */ = {isa = PBXBuildFile; fileRef = 452A89980FCC0A6500360071 /* pngconf.h */; };
		452A89AD0FCC0A6500360071 /* pngerror.c in Sources */ = {isa = PBXBuildFile; fileRef = 452A89990FCC0A6500360071 /* pngerror.c */; };
		452A89AE0FCC0A6500360071 /* pnggccrd.c in Sources */ = {isa = PBXBuildFile; fileRef = 452A899A0FCC0A6500360071 /* pnggccrd.c */; };
		452A89AF0FCC0A6500360071 /* pngget.c in Sources */ = {isa = PBXBuildFile; fileRef = 452A899B0FCC0A6500360071 /* pngget.c */; };
		452A89B00FCC0A6500360071 /* pngmem.c in Sources */ = {isa = PBXBuildFile; fileRef = 452A899C0FCC0A6500360071 /* pngmem.c */; };
		452A89B10FCC0A6500360071 /* pngpread.c in Sources */ = {isa = PBXBuildFile; fileRef = 452A899D0FCC0A6500360071 /* pngpread.c */; };
		452A89B20FCC0A6500360071 /* pngread.c in Sources */ = {isa = PBXBuildFile; fileRef = 452A899E0FCC0A6500360071 /* pngread.c */; };
		452A89B30FCC0A6500360071 /* pngrtran.c in Sources */ = {isa = PBXBuildFile; fileRef = 452A899F0FCC0A6500360071 /* pngrtran.c */; };
		452A89B40FCC0A6500360071 /* pngrutil.c in Sources */ = {isa = PBXBuildFile; fileRef = 452A89A00FCC0A6500360071 /* pngrutil.c */; };
		452A89B50FCC0A6500360071 /* pngset.c in Sources */ = {isa = PBXBuildFile; fileRef = 452A89A10FCC0A6500360071 /* pngset.c */; };
		452A89B70FCC0A6500360071 /* pngtrans.c in Sources */ = {isa = PBXBuildFile; fileRef = 452A89A30FCC0A6500360071 /* pngtrans.c */; };
		452A89B80FCC0A6500360071 /* pngvcrd.c in Sources */ = {isa = PBXBuildFile; fileRef = 452A89A40FCC0A6500360071 /* pngvcrd.c */; };
		452A89B90FCC0A6500360071 /* pngwio.c in Sources */ = {isa = PBXBuildFile; fileRef = 452A89A50FCC0A6500360071 /* pngwio.c */; };
		452A89BB0FCC0A6500360071 /* pngwtran.c in Sources */ = {isa = PBXBuildFile; fileRef = 452A89A70FCC0A6500360071 /* pngwtran.c */; };
		452A89BC0FCC0A6500360071 /* pngwutil.c in Sources */ = {isa = PBXBuildFile; fileRef = 452A89A80FCC0A6500360071 /* pngwutil.c */; };
		452A89BD0FCC0A6500360071 /* pngrio.c in Sources */ = {isa = PBXBuildFile; fileRef = 452A89A90FCC0A6500360071 /* pngrio.c */; };
		452A8A030FCC0F4E00360071 /* swell-internal.h in Headers */ = {isa = PBXBuildFile; fileRef = 452A8A020FCC0F4E00360071 /* swell-internal.h */; };
		45B61BC610B15E25009E1E8C /* swell-gdi.mm in Sources */ = {isa = PBXBuildFile; fileRef = 45B61BC510B15E25009E1E8C /* swell-gdi.mm */; };
		521F387F0D1704080060FE32 /* IPlug_include_in_plug_src.h in Headers */ = {isa = PBXBuildFile; fileRef = 521F387D0D1704080060FE32 /* IPlug_include_in_plug_src.h */; };
		521F38800D1704080060FE32 /* IPlug_include_in_plug_hdr.h in Headers */ = {isa = PBXBuildFile; fileRef = 521F387E0D1704080060FE32 /* IPlug_include_in_plug_hdr.h */; };
		52780D4C0D20A1A000C2BCA7 /* IGraphicsCocoa.h in Headers */ = {isa = PBXBuildFile; fileRef = 52780D4B0D20A1A000C2BCA7 /* IGraphicsCocoa.h */; };
		52A2156B0D11C1E4006341F0 /* Hosts.h in Headers */ = {isa = PBXBuildFile; fileRef = 52A2156A0D11C1E4006341F0 /* Hosts.h */; };
		52A2156D0D11C1EC006341F0 /* Hosts.cpp in Sources */ = {isa = PBXBuildFile; fileRef = 52A2156C0D11C1EC006341F0 /* Hosts.cpp */; };
		52A215720D11C200006341F0 /* IPlugBase.h in Headers */ = {isa = PBXBuildFile; fileRef = 52A2156E0D11C200006341F0 /* IPlugBase.h */; };
		52A215730D11C200006341F0 /* IPlugBase.cpp in Sources */ = {isa = PBXBuildFile; fileRef = 52A2156F0D11C200006341F0 /* IPlugBase.cpp */; };
		52A215780D11C20C006341F0 /* IPlugVST.h in Headers */ = {isa = PBXBuildFile; fileRef = 52A215760D11C20C006341F0 /* IPlugVST.h */; };
		52A215790D11C20C006341F0 /* IPlugVST.cpp in Sources */ = {isa = PBXBuildFile; fileRef = 52A215770D11C20C006341F0 /* IPlugVST.cpp */; };
		52A4AB440D2BFA510042A248 /* IGraphicsCarbon.h in Headers */ = {isa = PBXBuildFile; fileRef = 52A4AB420D2BFA510042A248 /* IGraphicsCarbon.h */; };
		52A4AB450D2BFA510042A248 /* IGraphicsCarbon.cpp in Sources */ = {isa = PBXBuildFile; fileRef = 52A4AB430D2BFA510042A248 /* IGraphicsCarbon.cpp */; };
		52C4DA4F0D0E50F90007A920 /* Carbon.framework in Frameworks */ = {isa = PBXBuildFile; fileRef = 52C4DA4E0D0E50F90007A920 /* Carbon.framework */; };
		52E41BA90D14C09E00A0943B /* IPlugAU.h in Headers */ = {isa = PBXBuildFile; fileRef = 52E41BA70D14C09E00A0943B /* IPlugAU.h */; };
		52E41BAA0D14C09E00A0943B /* IPlugAU.cpp in Sources */ = {isa = PBXBuildFile; fileRef = 52E41BA80D14C09E00A0943B /* IPlugAU.cpp */; };
		52FBBEA60D0CF0D3001C8B8A /* Containers.h in Headers */ = {isa = PBXBuildFile; fileRef = 52FBBE870D0CF0D3001C8B8A /* Containers.h */; };
		52FBBEA70D0CF0D3001C8B8A /* IControl.cpp in Sources */ = {isa = PBXBuildFile; fileRef = 52FBBE880D0CF0D3001C8B8A /* IControl.cpp */; };
		52FBBEA80D0CF0D3001C8B8A /* IControl.h in Headers */ = {isa = PBXBuildFile; fileRef = 52FBBE890D0CF0D3001C8B8A /* IControl.h */; };
		52FBBEA90D0CF0D3001C8B8A /* IGraphics.cpp in Sources */ = {isa = PBXBuildFile; fileRef = 52FBBE8A0D0CF0D3001C8B8A /* IGraphics.cpp */; };
		52FBBEAA0D0CF0D3001C8B8A /* IGraphics.h in Headers */ = {isa = PBXBuildFile; fileRef = 52FBBE8B0D0CF0D3001C8B8A /* IGraphics.h */; };
		52FBBEAC0D0CF0D3001C8B8A /* IGraphicsCocoa.mm in Sources */ = {isa = PBXBuildFile; fileRef = 52FBBE8D0D0CF0D3001C8B8A /* IGraphicsCocoa.mm */; };
		52FBBEAD0D0CF0D3001C8B8A /* IGraphicsLice.cpp in Sources */ = {isa = PBXBuildFile; fileRef = 52FBBE8E0D0CF0D3001C8B8A /* IGraphicsLice.cpp */; };
		52FBBEAE0D0CF0D3001C8B8A /* IGraphicsLice.h in Headers */ = {isa = PBXBuildFile; fileRef = 52FBBE8F0D0CF0D3001C8B8A /* IGraphicsLice.h */; };
		52FBBEB00D0CF0D3001C8B8A /* IGraphicsMac.h in Headers */ = {isa = PBXBuildFile; fileRef = 52FBBE910D0CF0D3001C8B8A /* IGraphicsMac.h */; };
		52FBBEB10D0CF0D3001C8B8A /* IGraphicsMac.mm in Sources */ = {isa = PBXBuildFile; fileRef = 52FBBE920D0CF0D3001C8B8A /* IGraphicsMac.mm */; };
		52FBBEB50D0CF0D3001C8B8A /* IParam.cpp in Sources */ = {isa = PBXBuildFile; fileRef = 52FBBE960D0CF0D3001C8B8A /* IParam.cpp */; };
		52FBBEB60D0CF0D3001C8B8A /* IParam.h in Headers */ = {isa = PBXBuildFile; fileRef = 52FBBE970D0CF0D3001C8B8A /* IParam.h */; };
		52FBBEBB0D0CF0D3001C8B8A /* IPlugStructs.cpp in Sources */ = {isa = PBXBuildFile; fileRef = 52FBBE9F0D0CF0D3001C8B8A /* IPlugStructs.cpp */; };
		52FBBEBC0D0CF0D3001C8B8A /* IPlugStructs.h in Headers */ = {isa = PBXBuildFile; fileRef = 52FBBEA00D0CF0D3001C8B8A /* IPlugStructs.h */; };
		52FBBEBD0D0CF0D3001C8B8A /* Log.cpp in Sources */ = {isa = PBXBuildFile; fileRef = 52FBBEA10D0CF0D3001C8B8A /* Log.cpp */; };
		52FBBEBE0D0CF0D3001C8B8A /* Log.h in Headers */ = {isa = PBXBuildFile; fileRef = 52FBBEA20D0CF0D3001C8B8A /* Log.h */; };
		D2AAC088055469A000DB518D /* Cocoa.framework in Frameworks */ = {isa = PBXBuildFile; fileRef = 1058C7B1FEA5585E11CA2CBB /* Cocoa.framework */; };
/* End PBXBuildFile section */

/* Begin PBXFileReference section */
		0867D69BFE84028FC02AAC07 /* Foundation.framework */ = {isa = PBXFileReference; lastKnownFileType = wrapper.framework; name = Foundation.framework; path = /System/Library/Frameworks/Foundation.framework; sourceTree = "<absolute>"; };
		0867D6A5FE840307C02AAC07 /* AppKit.framework */ = {isa = PBXFileReference; lastKnownFileType = wrapper.framework; name = AppKit.framework; path = /System/Library/Frameworks/AppKit.framework; sourceTree = "<absolute>"; };
		1058C7B1FEA5585E11CA2CBB /* Cocoa.framework */ = {isa = PBXFileReference; lastKnownFileType = wrapper.framework; name = Cocoa.framework; path = /System/Library/Frameworks/Cocoa.framework; sourceTree = "<absolute>"; };
		32DBCF5E0370ADEE00C91783 /* IPlug_Prefix.pch */ = {isa = PBXFileReference; fileEncoding = 4; lastKnownFileType = sourcecode.c.h; path = IPlug_Prefix.pch; sourceTree = "<group>"; };
		452A874E0FCBFE1900360071 /* aeffect.h */ = {isa = PBXFileReference; fileEncoding = 4; lastKnownFileType = sourcecode.c.h; path = aeffect.h; sourceTree = "<group>"; };
		452A874F0FCBFE1900360071 /* aeffectx.h */ = {isa = PBXFileReference; fileEncoding = 4; lastKnownFileType = sourcecode.c.h; path = aeffectx.h; sourceTree = "<group>"; };
		452A87670FCBFFDD00360071 /* lice_arc.cpp */ = {isa = PBXFileReference; fileEncoding = 4; lastKnownFileType = sourcecode.cpp.cpp; name = lice_arc.cpp; path = ../lice/lice_arc.cpp; sourceTree = SOURCE_ROOT; };
		452A87680FCBFFDD00360071 /* lice_bezier.h */ = {isa = PBXFileReference; fileEncoding = 4; lastKnownFileType = sourcecode.c.h; name = lice_bezier.h; path = ../lice/lice_bezier.h; sourceTree = SOURCE_ROOT; };
		452A87690FCBFFDD00360071 /* lice_bmp.cpp */ = {isa = PBXFileReference; fileEncoding = 4; lastKnownFileType = sourcecode.cpp.cpp; name = lice_bmp.cpp; path = ../lice/lice_bmp.cpp; sourceTree = SOURCE_ROOT; };
		452A876A0FCBFFDD00360071 /* lice_colorspace.cpp */ = {isa = PBXFileReference; fileEncoding = 4; lastKnownFileType = sourcecode.cpp.cpp; name = lice_colorspace.cpp; path = ../lice/lice_colorspace.cpp; sourceTree = SOURCE_ROOT; };
		452A876B0FCBFFDD00360071 /* lice_combine.h */ = {isa = PBXFileReference; fileEncoding = 4; lastKnownFileType = sourcecode.c.h; name = lice_combine.h; path = ../lice/lice_combine.h; sourceTree = SOURCE_ROOT; };
		452A876C0FCBFFDD00360071 /* lice_extended.h */ = {isa = PBXFileReference; fileEncoding = 4; lastKnownFileType = sourcecode.c.h; name = lice_extended.h; path = ../lice/lice_extended.h; sourceTree = SOURCE_ROOT; };
		452A87730FCBFFDD00360071 /* lice_image.cpp */ = {isa = PBXFileReference; fileEncoding = 4; lastKnownFileType = sourcecode.cpp.cpp; name = lice_image.cpp; path = ../lice/lice_image.cpp; sourceTree = SOURCE_ROOT; };
		452A87740FCBFFDD00360071 /* lice_jpg.cpp */ = {isa = PBXFileReference; fileEncoding = 4; lastKnownFileType = sourcecode.cpp.cpp; name = lice_jpg.cpp; path = ../lice/lice_jpg.cpp; sourceTree = SOURCE_ROOT; };
		452A87750FCBFFDD00360071 /* lice_line.cpp */ = {isa = PBXFileReference; fileEncoding = 4; lastKnownFileType = sourcecode.cpp.cpp; name = lice_line.cpp; path = ../lice/lice_line.cpp; sourceTree = SOURCE_ROOT; };
		452A87780FCBFFDD00360071 /* lice_png.cpp */ = {isa = PBXFileReference; fileEncoding = 4; lastKnownFileType = sourcecode.cpp.cpp; name = lice_png.cpp; path = ../lice/lice_png.cpp; sourceTree = SOURCE_ROOT; };
		452A877B0FCBFFDD00360071 /* lice_text.cpp */ = {isa = PBXFileReference; fileEncoding = 4; lastKnownFileType = sourcecode.cpp.cpp; name = lice_text.cpp; path = ../lice/lice_text.cpp; sourceTree = SOURCE_ROOT; };
		452A877C0FCBFFDD00360071 /* lice_text.h */ = {isa = PBXFileReference; fileEncoding = 4; lastKnownFileType = sourcecode.c.h; name = lice_text.h; path = ../lice/lice_text.h; sourceTree = SOURCE_ROOT; };
		452A877D0FCBFFDD00360071 /* lice_textnew.cpp */ = {isa = PBXFileReference; fileEncoding = 4; lastKnownFileType = sourcecode.cpp.cpp; name = lice_textnew.cpp; path = ../lice/lice_textnew.cpp; sourceTree = SOURCE_ROOT; };
		452A877E0FCBFFDD00360071 /* lice.cpp */ = {isa = PBXFileReference; fileEncoding = 4; lastKnownFileType = sourcecode.cpp.cpp; name = lice.cpp; path = ../lice/lice.cpp; sourceTree = SOURCE_ROOT; };
		452A87810FCBFFDD00360071 /* lice.h */ = {isa = PBXFileReference; fileEncoding = 4; lastKnownFileType = sourcecode.c.h; name = lice.h; path = ../lice/lice.h; sourceTree = SOURCE_ROOT; };
		452A87A40FCC004600360071 /* swell.h */ = {isa = PBXFileReference; fileEncoding = 4; lastKnownFileType = sourcecode.c.h; name = swell.h; path = ../swell/swell.h; sourceTree = SOURCE_ROOT; };
		452A88ED0FCC0A2D00360071 /* adler32.c */ = {isa = PBXFileReference; fileEncoding = 4; lastKnownFileType = sourcecode.c.c; name = adler32.c; path = ../zlib/adler32.c; sourceTree = SOURCE_ROOT; };
		452A88EE0FCC0A2D00360071 /* compress.c */ = {isa = PBXFileReference; fileEncoding = 4; lastKnownFileType = sourcecode.c.c; name = compress.c; path = ../zlib/compress.c; sourceTree = SOURCE_ROOT; };
		452A88EF0FCC0A2D00360071 /* crc32.c */ = {isa = PBXFileReference; fileEncoding = 4; lastKnownFileType = sourcecode.c.c; name = crc32.c; path = ../zlib/crc32.c; sourceTree = SOURCE_ROOT; };
		452A88F00FCC0A2D00360071 /* crc32.h */ = {isa = PBXFileReference; fileEncoding = 4; lastKnownFileType = sourcecode.c.h; name = crc32.h; path = ../zlib/crc32.h; sourceTree = SOURCE_ROOT; };
		452A88F10FCC0A2D00360071 /* deflate.c */ = {isa = PBXFileReference; fileEncoding = 4; lastKnownFileType = sourcecode.c.c; name = deflate.c; path = ../zlib/deflate.c; sourceTree = SOURCE_ROOT; };
		452A88F20FCC0A2D00360071 /* deflate.h */ = {isa = PBXFileReference; fileEncoding = 4; lastKnownFileType = sourcecode.c.h; name = deflate.h; path = ../zlib/deflate.h; sourceTree = SOURCE_ROOT; };
		452A88F40FCC0A2D00360071 /* infback.c */ = {isa = PBXFileReference; fileEncoding = 4; lastKnownFileType = sourcecode.c.c; name = infback.c; path = ../zlib/infback.c; sourceTree = SOURCE_ROOT; };
		452A88F50FCC0A2D00360071 /* inffast.c */ = {isa = PBXFileReference; fileEncoding = 4; lastKnownFileType = sourcecode.c.c; name = inffast.c; path = ../zlib/inffast.c; sourceTree = SOURCE_ROOT; };
		452A88F60FCC0A2D00360071 /* inffast.h */ = {isa = PBXFileReference; fileEncoding = 4; lastKnownFileType = sourcecode.c.h; name = inffast.h; path = ../zlib/inffast.h; sourceTree = SOURCE_ROOT; };
		452A88F70FCC0A2D00360071 /* inffixed.h */ = {isa = PBXFileReference; fileEncoding = 4; lastKnownFileType = sourcecode.c.h; name = inffixed.h; path = ../zlib/inffixed.h; sourceTree = SOURCE_ROOT; };
		452A88F80FCC0A2D00360071 /* inflate.c */ = {isa = PBXFileReference; fileEncoding = 4; lastKnownFileType = sourcecode.c.c; name = inflate.c; path = ../zlib/inflate.c; sourceTree = SOURCE_ROOT; };
		452A88F90FCC0A2D00360071 /* inflate.h */ = {isa = PBXFileReference; fileEncoding = 4; lastKnownFileType = sourcecode.c.h; name = inflate.h; path = ../zlib/inflate.h; sourceTree = SOURCE_ROOT; };
		452A88FA0FCC0A2D00360071 /* inftrees.c */ = {isa = PBXFileReference; fileEncoding = 4; lastKnownFileType = sourcecode.c.c; name = inftrees.c; path = ../zlib/inftrees.c; sourceTree = SOURCE_ROOT; };
		452A88FB0FCC0A2D00360071 /* inftrees.h */ = {isa = PBXFileReference; fileEncoding = 4; lastKnownFileType = sourcecode.c.h; name = inftrees.h; path = ../zlib/inftrees.h; sourceTree = SOURCE_ROOT; };
		452A88FC0FCC0A2D00360071 /* minigzip.c */ = {isa = PBXFileReference; fileEncoding = 4; lastKnownFileType = sourcecode.c.c; name = minigzip.c; path = ../zlib/minigzip.c; sourceTree = SOURCE_ROOT; };
		452A88FD0FCC0A2D00360071 /* trees.c */ = {isa = PBXFileReference; fileEncoding = 4; lastKnownFileType = sourcecode.c.c; name = trees.c; path = ../zlib/trees.c; sourceTree = SOURCE_ROOT; };
		452A88FE0FCC0A2D00360071 /* trees.h */ = {isa = PBXFileReference; fileEncoding = 4; lastKnownFileType = sourcecode.c.h; name = trees.h; path = ../zlib/trees.h; sourceTree = SOURCE_ROOT; };
		452A88FF0FCC0A2D00360071 /* uncompr.c */ = {isa = PBXFileReference; fileEncoding = 4; lastKnownFileType = sourcecode.c.c; name = uncompr.c; path = ../zlib/uncompr.c; sourceTree = SOURCE_ROOT; };
		452A89000FCC0A2D00360071 /* zconf.h */ = {isa = PBXFileReference; fileEncoding = 4; lastKnownFileType = sourcecode.c.h; name = zconf.h; path = ../zlib/zconf.h; sourceTree = SOURCE_ROOT; };
		452A89010FCC0A2D00360071 /* zconf.in.h */ = {isa = PBXFileReference; fileEncoding = 4; lastKnownFileType = sourcecode.c.h; name = zconf.in.h; path = ../zlib/zconf.in.h; sourceTree = SOURCE_ROOT; };
		452A89020FCC0A2D00360071 /* zlib.h */ = {isa = PBXFileReference; fileEncoding = 4; lastKnownFileType = sourcecode.c.h; name = zlib.h; path = ../zlib/zlib.h; sourceTree = SOURCE_ROOT; };
		452A89030FCC0A2D00360071 /* zutil.c */ = {isa = PBXFileReference; fileEncoding = 4; lastKnownFileType = sourcecode.c.c; name = zutil.c; path = ../zlib/zutil.c; sourceTree = SOURCE_ROOT; };
		452A89040FCC0A2D00360071 /* zutil.h */ = {isa = PBXFileReference; fileEncoding = 4; lastKnownFileType = sourcecode.c.h; name = zutil.h; path = ../zlib/zutil.h; sourceTree = SOURCE_ROOT; };
		452A89050FCC0A2D00360071 /* gzio.c */ = {isa = PBXFileReference; fileEncoding = 4; lastKnownFileType = sourcecode.c.c; name = gzio.c; path = ../zlib/gzio.c; sourceTree = SOURCE_ROOT; };
		452A89220FCC0A4C00360071 /* jcapimin.c */ = {isa = PBXFileReference; fileEncoding = 4; lastKnownFileType = sourcecode.c.c; name = jcapimin.c; path = ../jpeglib/jcapimin.c; sourceTree = SOURCE_ROOT; };
		452A89230FCC0A4C00360071 /* jcapistd.c */ = {isa = PBXFileReference; fileEncoding = 4; lastKnownFileType = sourcecode.c.c; name = jcapistd.c; path = ../jpeglib/jcapistd.c; sourceTree = SOURCE_ROOT; };
		452A89240FCC0A4C00360071 /* jccoefct.c */ = {isa = PBXFileReference; fileEncoding = 4; lastKnownFileType = sourcecode.c.c; name = jccoefct.c; path = ../jpeglib/jccoefct.c; sourceTree = SOURCE_ROOT; };
		452A89250FCC0A4C00360071 /* jccolor.c */ = {isa = PBXFileReference; fileEncoding = 4; lastKnownFileType = sourcecode.c.c; name = jccolor.c; path = ../jpeglib/jccolor.c; sourceTree = SOURCE_ROOT; };
		452A89260FCC0A4C00360071 /* jcdctmgr.c */ = {isa = PBXFileReference; fileEncoding = 4; lastKnownFileType = sourcecode.c.c; name = jcdctmgr.c; path = ../jpeglib/jcdctmgr.c; sourceTree = SOURCE_ROOT; };
		452A89270FCC0A4C00360071 /* jchuff.c */ = {isa = PBXFileReference; fileEncoding = 4; lastKnownFileType = sourcecode.c.c; name = jchuff.c; path = ../jpeglib/jchuff.c; sourceTree = SOURCE_ROOT; };
		452A89280FCC0A4C00360071 /* jchuff.h */ = {isa = PBXFileReference; fileEncoding = 4; lastKnownFileType = sourcecode.c.h; name = jchuff.h; path = ../jpeglib/jchuff.h; sourceTree = SOURCE_ROOT; };
		452A89290FCC0A4C00360071 /* jcinit.c */ = {isa = PBXFileReference; fileEncoding = 4; lastKnownFileType = sourcecode.c.c; name = jcinit.c; path = ../jpeglib/jcinit.c; sourceTree = SOURCE_ROOT; };
		452A892A0FCC0A4C00360071 /* jcmainct.c */ = {isa = PBXFileReference; fileEncoding = 4; lastKnownFileType = sourcecode.c.c; name = jcmainct.c; path = ../jpeglib/jcmainct.c; sourceTree = SOURCE_ROOT; };
		452A892B0FCC0A4C00360071 /* jcmarker.c */ = {isa = PBXFileReference; fileEncoding = 4; lastKnownFileType = sourcecode.c.c; name = jcmarker.c; path = ../jpeglib/jcmarker.c; sourceTree = SOURCE_ROOT; };
		452A892C0FCC0A4C00360071 /* jcmaster.c */ = {isa = PBXFileReference; fileEncoding = 4; lastKnownFileType = sourcecode.c.c; name = jcmaster.c; path = ../jpeglib/jcmaster.c; sourceTree = SOURCE_ROOT; };
		452A892D0FCC0A4C00360071 /* jcomapi.c */ = {isa = PBXFileReference; fileEncoding = 4; lastKnownFileType = sourcecode.c.c; name = jcomapi.c; path = ../jpeglib/jcomapi.c; sourceTree = SOURCE_ROOT; };
		452A892E0FCC0A4C00360071 /* jconfig.h */ = {isa = PBXFileReference; fileEncoding = 4; lastKnownFileType = sourcecode.c.h; name = jconfig.h; path = ../jpeglib/jconfig.h; sourceTree = SOURCE_ROOT; };
		452A892F0FCC0A4C00360071 /* jcparam.c */ = {isa = PBXFileReference; fileEncoding = 4; lastKnownFileType = sourcecode.c.c; name = jcparam.c; path = ../jpeglib/jcparam.c; sourceTree = SOURCE_ROOT; };
		452A89300FCC0A4C00360071 /* jcphuff.c */ = {isa = PBXFileReference; fileEncoding = 4; lastKnownFileType = sourcecode.c.c; name = jcphuff.c; path = ../jpeglib/jcphuff.c; sourceTree = SOURCE_ROOT; };
		452A89310FCC0A4C00360071 /* jcprepct.c */ = {isa = PBXFileReference; fileEncoding = 4; lastKnownFileType = sourcecode.c.c; name = jcprepct.c; path = ../jpeglib/jcprepct.c; sourceTree = SOURCE_ROOT; };
		452A89320FCC0A4C00360071 /* jcsample.c */ = {isa = PBXFileReference; fileEncoding = 4; lastKnownFileType = sourcecode.c.c; name = jcsample.c; path = ../jpeglib/jcsample.c; sourceTree = SOURCE_ROOT; };
		452A89330FCC0A4C00360071 /* jctrans.c */ = {isa = PBXFileReference; fileEncoding = 4; lastKnownFileType = sourcecode.c.c; name = jctrans.c; path = ../jpeglib/jctrans.c; sourceTree = SOURCE_ROOT; };
		452A89340FCC0A4C00360071 /* jdapimin.c */ = {isa = PBXFileReference; fileEncoding = 4; lastKnownFileType = sourcecode.c.c; name = jdapimin.c; path = ../jpeglib/jdapimin.c; sourceTree = SOURCE_ROOT; };
		452A89350FCC0A4C00360071 /* jdapistd.c */ = {isa = PBXFileReference; fileEncoding = 4; lastKnownFileType = sourcecode.c.c; name = jdapistd.c; path = ../jpeglib/jdapistd.c; sourceTree = SOURCE_ROOT; };
		452A89360FCC0A4C00360071 /* jdatadst.c */ = {isa = PBXFileReference; fileEncoding = 4; lastKnownFileType = sourcecode.c.c; name = jdatadst.c; path = ../jpeglib/jdatadst.c; sourceTree = SOURCE_ROOT; };
		452A89370FCC0A4C00360071 /* jdatasrc.c */ = {isa = PBXFileReference; fileEncoding = 4; lastKnownFileType = sourcecode.c.c; name = jdatasrc.c; path = ../jpeglib/jdatasrc.c; sourceTree = SOURCE_ROOT; };
		452A89380FCC0A4C00360071 /* jdcoefct.c */ = {isa = PBXFileReference; fileEncoding = 4; lastKnownFileType = sourcecode.c.c; name = jdcoefct.c; path = ../jpeglib/jdcoefct.c; sourceTree = SOURCE_ROOT; };
		452A89390FCC0A4C00360071 /* jdcolor.c */ = {isa = PBXFileReference; fileEncoding = 4; lastKnownFileType = sourcecode.c.c; name = jdcolor.c; path = ../jpeglib/jdcolor.c; sourceTree = SOURCE_ROOT; };
		452A893A0FCC0A4C00360071 /* jdct.h */ = {isa = PBXFileReference; fileEncoding = 4; lastKnownFileType = sourcecode.c.h; name = jdct.h; path = ../jpeglib/jdct.h; sourceTree = SOURCE_ROOT; };
		452A893B0FCC0A4C00360071 /* jddctmgr.c */ = {isa = PBXFileReference; fileEncoding = 4; lastKnownFileType = sourcecode.c.c; name = jddctmgr.c; path = ../jpeglib/jddctmgr.c; sourceTree = SOURCE_ROOT; };
		452A893C0FCC0A4C00360071 /* jdhuff.c */ = {isa = PBXFileReference; fileEncoding = 4; lastKnownFileType = sourcecode.c.c; name = jdhuff.c; path = ../jpeglib/jdhuff.c; sourceTree = SOURCE_ROOT; };
		452A893D0FCC0A4C00360071 /* jdhuff.h */ = {isa = PBXFileReference; fileEncoding = 4; lastKnownFileType = sourcecode.c.h; name = jdhuff.h; path = ../jpeglib/jdhuff.h; sourceTree = SOURCE_ROOT; };
		452A893E0FCC0A4C00360071 /* jdinput.c */ = {isa = PBXFileReference; fileEncoding = 4; lastKnownFileType = sourcecode.c.c; name = jdinput.c; path = ../jpeglib/jdinput.c; sourceTree = SOURCE_ROOT; };
		452A893F0FCC0A4C00360071 /* jdmainct.c */ = {isa = PBXFileReference; fileEncoding = 4; lastKnownFileType = sourcecode.c.c; name = jdmainct.c; path = ../jpeglib/jdmainct.c; sourceTree = SOURCE_ROOT; };
		452A89400FCC0A4C00360071 /* jdmarker.c */ = {isa = PBXFileReference; fileEncoding = 4; lastKnownFileType = sourcecode.c.c; name = jdmarker.c; path = ../jpeglib/jdmarker.c; sourceTree = SOURCE_ROOT; };
		452A89410FCC0A4C00360071 /* jdmaster.c */ = {isa = PBXFileReference; fileEncoding = 4; lastKnownFileType = sourcecode.c.c; name = jdmaster.c; path = ../jpeglib/jdmaster.c; sourceTree = SOURCE_ROOT; };
		452A89420FCC0A4C00360071 /* jdmerge.c */ = {isa = PBXFileReference; fileEncoding = 4; lastKnownFileType = sourcecode.c.c; name = jdmerge.c; path = ../jpeglib/jdmerge.c; sourceTree = SOURCE_ROOT; };
		452A89430FCC0A4C00360071 /* jdphuff.c */ = {isa = PBXFileReference; fileEncoding = 4; lastKnownFileType = sourcecode.c.c; name = jdphuff.c; path = ../jpeglib/jdphuff.c; sourceTree = SOURCE_ROOT; };
		452A89440FCC0A4C00360071 /* jdpostct.c */ = {isa = PBXFileReference; fileEncoding = 4; lastKnownFileType = sourcecode.c.c; name = jdpostct.c; path = ../jpeglib/jdpostct.c; sourceTree = SOURCE_ROOT; };
		452A89450FCC0A4C00360071 /* jdsample.c */ = {isa = PBXFileReference; fileEncoding = 4; lastKnownFileType = sourcecode.c.c; name = jdsample.c; path = ../jpeglib/jdsample.c; sourceTree = SOURCE_ROOT; };
		452A89460FCC0A4C00360071 /* jdtrans.c */ = {isa = PBXFileReference; fileEncoding = 4; lastKnownFileType = sourcecode.c.c; name = jdtrans.c; path = ../jpeglib/jdtrans.c; sourceTree = SOURCE_ROOT; };
		452A89470FCC0A4C00360071 /* jerror.c */ = {isa = PBXFileReference; fileEncoding = 4; lastKnownFileType = sourcecode.c.c; name = jerror.c; path = ../jpeglib/jerror.c; sourceTree = SOURCE_ROOT; };
		452A89480FCC0A4C00360071 /* jerror.h */ = {isa = PBXFileReference; fileEncoding = 4; lastKnownFileType = sourcecode.c.h; name = jerror.h; path = ../jpeglib/jerror.h; sourceTree = SOURCE_ROOT; };
		452A89490FCC0A4C00360071 /* jfdctflt.c */ = {isa = PBXFileReference; fileEncoding = 4; lastKnownFileType = sourcecode.c.c; name = jfdctflt.c; path = ../jpeglib/jfdctflt.c; sourceTree = SOURCE_ROOT; };
		452A894A0FCC0A4C00360071 /* jfdctfst.c */ = {isa = PBXFileReference; fileEncoding = 4; lastKnownFileType = sourcecode.c.c; name = jfdctfst.c; path = ../jpeglib/jfdctfst.c; sourceTree = SOURCE_ROOT; };
		452A894B0FCC0A4C00360071 /* jfdctint.c */ = {isa = PBXFileReference; fileEncoding = 4; lastKnownFileType = sourcecode.c.c; name = jfdctint.c; path = ../jpeglib/jfdctint.c; sourceTree = SOURCE_ROOT; };
		452A894C0FCC0A4C00360071 /* jidctflt.c */ = {isa = PBXFileReference; fileEncoding = 4; lastKnownFileType = sourcecode.c.c; name = jidctflt.c; path = ../jpeglib/jidctflt.c; sourceTree = SOURCE_ROOT; };
		452A894D0FCC0A4C00360071 /* jidctfst.c */ = {isa = PBXFileReference; fileEncoding = 4; lastKnownFileType = sourcecode.c.c; name = jidctfst.c; path = ../jpeglib/jidctfst.c; sourceTree = SOURCE_ROOT; };
		452A894E0FCC0A4C00360071 /* jidctint.c */ = {isa = PBXFileReference; fileEncoding = 4; lastKnownFileType = sourcecode.c.c; name = jidctint.c; path = ../jpeglib/jidctint.c; sourceTree = SOURCE_ROOT; };
		452A894F0FCC0A4C00360071 /* jidctred.c */ = {isa = PBXFileReference; fileEncoding = 4; lastKnownFileType = sourcecode.c.c; name = jidctred.c; path = ../jpeglib/jidctred.c; sourceTree = SOURCE_ROOT; };
		452A89500FCC0A4C00360071 /* jinclude.h */ = {isa = PBXFileReference; fileEncoding = 4; lastKnownFileType = sourcecode.c.h; name = jinclude.h; path = ../jpeglib/jinclude.h; sourceTree = SOURCE_ROOT; };
		452A89510FCC0A4C00360071 /* jmemmgr.c */ = {isa = PBXFileReference; fileEncoding = 4; lastKnownFileType = sourcecode.c.c; name = jmemmgr.c; path = ../jpeglib/jmemmgr.c; sourceTree = SOURCE_ROOT; };
		452A89520FCC0A4C00360071 /* jmemnobs.c */ = {isa = PBXFileReference; fileEncoding = 4; lastKnownFileType = sourcecode.c.c; name = jmemnobs.c; path = ../jpeglib/jmemnobs.c; sourceTree = SOURCE_ROOT; };
		452A89530FCC0A4C00360071 /* jmemsys.h */ = {isa = PBXFileReference; fileEncoding = 4; lastKnownFileType = sourcecode.c.h; name = jmemsys.h; path = ../jpeglib/jmemsys.h; sourceTree = SOURCE_ROOT; };
		452A89540FCC0A4C00360071 /* jmorecfg.h */ = {isa = PBXFileReference; fileEncoding = 4; lastKnownFileType = sourcecode.c.h; name = jmorecfg.h; path = ../jpeglib/jmorecfg.h; sourceTree = SOURCE_ROOT; };
		452A89550FCC0A4C00360071 /* jpegint.h */ = {isa = PBXFileReference; fileEncoding = 4; lastKnownFileType = sourcecode.c.h; name = jpegint.h; path = ../jpeglib/jpegint.h; sourceTree = SOURCE_ROOT; };
		452A89560FCC0A4C00360071 /* jpeglib.h */ = {isa = PBXFileReference; fileEncoding = 4; lastKnownFileType = sourcecode.c.h; name = jpeglib.h; path = ../jpeglib/jpeglib.h; sourceTree = SOURCE_ROOT; };
		452A89570FCC0A4C00360071 /* jquant1.c */ = {isa = PBXFileReference; fileEncoding = 4; lastKnownFileType = sourcecode.c.c; name = jquant1.c; path = ../jpeglib/jquant1.c; sourceTree = SOURCE_ROOT; };
		452A89580FCC0A4C00360071 /* jquant2.c */ = {isa = PBXFileReference; fileEncoding = 4; lastKnownFileType = sourcecode.c.c; name = jquant2.c; path = ../jpeglib/jquant2.c; sourceTree = SOURCE_ROOT; };
		452A89590FCC0A4C00360071 /* jutils.c */ = {isa = PBXFileReference; fileEncoding = 4; lastKnownFileType = sourcecode.c.c; name = jutils.c; path = ../jpeglib/jutils.c; sourceTree = SOURCE_ROOT; };
		452A895A0FCC0A4C00360071 /* jversion.h */ = {isa = PBXFileReference; fileEncoding = 4; lastKnownFileType = sourcecode.c.h; name = jversion.h; path = ../jpeglib/jversion.h; sourceTree = SOURCE_ROOT; };
		452A89960FCC0A6500360071 /* png.c */ = {isa = PBXFileReference; fileEncoding = 4; lastKnownFileType = sourcecode.c.c; name = png.c; path = ../libpng/png.c; sourceTree = SOURCE_ROOT; };
		452A89970FCC0A6500360071 /* png.h */ = {isa = PBXFileReference; fileEncoding = 4; lastKnownFileType = sourcecode.c.h; name = png.h; path = ../libpng/png.h; sourceTree = SOURCE_ROOT; };
		452A89980FCC0A6500360071 /* pngconf.h */ = {isa = PBXFileReference; fileEncoding = 4; lastKnownFileType = sourcecode.c.h; name = pngconf.h; path = ../libpng/pngconf.h; sourceTree = SOURCE_ROOT; };
		452A89990FCC0A6500360071 /* pngerror.c */ = {isa = PBXFileReference; fileEncoding = 4; lastKnownFileType = sourcecode.c.c; name = pngerror.c; path = ../libpng/pngerror.c; sourceTree = SOURCE_ROOT; };
		452A899A0FCC0A6500360071 /* pnggccrd.c */ = {isa = PBXFileReference; fileEncoding = 4; lastKnownFileType = sourcecode.c.c; name = pnggccrd.c; path = ../libpng/pnggccrd.c; sourceTree = SOURCE_ROOT; };
		452A899B0FCC0A6500360071 /* pngget.c */ = {isa = PBXFileReference; fileEncoding = 4; lastKnownFileType = sourcecode.c.c; name = pngget.c; path = ../libpng/pngget.c; sourceTree = SOURCE_ROOT; };
		452A899C0FCC0A6500360071 /* pngmem.c */ = {isa = PBXFileReference; fileEncoding = 4; lastKnownFileType = sourcecode.c.c; name = pngmem.c; path = ../libpng/pngmem.c; sourceTree = SOURCE_ROOT; };
		452A899D0FCC0A6500360071 /* pngpread.c */ = {isa = PBXFileReference; fileEncoding = 4; lastKnownFileType = sourcecode.c.c; name = pngpread.c; path = ../libpng/pngpread.c; sourceTree = SOURCE_ROOT; };
		452A899E0FCC0A6500360071 /* pngread.c */ = {isa = PBXFileReference; fileEncoding = 4; lastKnownFileType = sourcecode.c.c; name = pngread.c; path = ../libpng/pngread.c; sourceTree = SOURCE_ROOT; };
		452A899F0FCC0A6500360071 /* pngrtran.c */ = {isa = PBXFileReference; fileEncoding = 4; lastKnownFileType = sourcecode.c.c; name = pngrtran.c; path = ../libpng/pngrtran.c; sourceTree = SOURCE_ROOT; };
		452A89A00FCC0A6500360071 /* pngrutil.c */ = {isa = PBXFileReference; fileEncoding = 4; lastKnownFileType = sourcecode.c.c; name = pngrutil.c; path = ../libpng/pngrutil.c; sourceTree = SOURCE_ROOT; };
		452A89A10FCC0A6500360071 /* pngset.c */ = {isa = PBXFileReference; fileEncoding = 4; lastKnownFileType = sourcecode.c.c; name = pngset.c; path = ../libpng/pngset.c; sourceTree = SOURCE_ROOT; };
		452A89A30FCC0A6500360071 /* pngtrans.c */ = {isa = PBXFileReference; fileEncoding = 4; lastKnownFileType = sourcecode.c.c; name = pngtrans.c; path = ../libpng/pngtrans.c; sourceTree = SOURCE_ROOT; };
		452A89A40FCC0A6500360071 /* pngvcrd.c */ = {isa = PBXFileReference; fileEncoding = 4; lastKnownFileType = sourcecode.c.c; name = pngvcrd.c; path = ../libpng/pngvcrd.c; sourceTree = SOURCE_ROOT; };
		452A89A50FCC0A6500360071 /* pngwio.c */ = {isa = PBXFileReference; fileEncoding = 4; lastKnownFileType = sourcecode.c.c; name = pngwio.c; path = ../libpng/pngwio.c; sourceTree = SOURCE_ROOT; };
		452A89A70FCC0A6500360071 /* pngwtran.c */ = {isa = PBXFileReference; fileEncoding = 4; lastKnownFileType = sourcecode.c.c; name = pngwtran.c; path = ../libpng/pngwtran.c; sourceTree = SOURCE_ROOT; };
		452A89A80FCC0A6500360071 /* pngwutil.c */ = {isa = PBXFileReference; fileEncoding = 4; lastKnownFileType = sourcecode.c.c; name = pngwutil.c; path = ../libpng/pngwutil.c; sourceTree = SOURCE_ROOT; };
		452A89A90FCC0A6500360071 /* pngrio.c */ = {isa = PBXFileReference; fileEncoding = 4; lastKnownFileType = sourcecode.c.c; name = pngrio.c; path = ../libpng/pngrio.c; sourceTree = SOURCE_ROOT; };
		452A8A020FCC0F4E00360071 /* swell-internal.h */ = {isa = PBXFileReference; fileEncoding = 4; lastKnownFileType = sourcecode.c.h; name = "swell-internal.h"; path = "../swell/swell-internal.h"; sourceTree = SOURCE_ROOT; };
		45B61BC510B15E25009E1E8C /* swell-gdi.mm */ = {isa = PBXFileReference; fileEncoding = 4; lastKnownFileType = sourcecode.cpp.objcpp; name = "swell-gdi.mm"; path = "../swell/swell-gdi.mm"; sourceTree = SOURCE_ROOT; };
		521F387D0D1704080060FE32 /* IPlug_include_in_plug_src.h */ = {isa = PBXFileReference; fileEncoding = 4; lastKnownFileType = sourcecode.c.h; path = IPlug_include_in_plug_src.h; sourceTree = "<group>"; };
		521F387E0D1704080060FE32 /* IPlug_include_in_plug_hdr.h */ = {isa = PBXFileReference; fileEncoding = 4; lastKnownFileType = sourcecode.c.h; path = IPlug_include_in_plug_hdr.h; sourceTree = "<group>"; };
		52780D4B0D20A1A000C2BCA7 /* IGraphicsCocoa.h */ = {isa = PBXFileReference; fileEncoding = 4; lastKnownFileType = sourcecode.c.h; path = IGraphicsCocoa.h; sourceTree = "<group>"; };
		52A2156A0D11C1E4006341F0 /* Hosts.h */ = {isa = PBXFileReference; fileEncoding = 4; lastKnownFileType = sourcecode.c.h; path = Hosts.h; sourceTree = "<group>"; };
		52A2156C0D11C1EC006341F0 /* Hosts.cpp */ = {isa = PBXFileReference; fileEncoding = 4; lastKnownFileType = sourcecode.cpp.cpp; path = Hosts.cpp; sourceTree = "<group>"; };
		52A2156E0D11C200006341F0 /* IPlugBase.h */ = {isa = PBXFileReference; fileEncoding = 4; lastKnownFileType = sourcecode.c.h; path = IPlugBase.h; sourceTree = "<group>"; };
		52A2156F0D11C200006341F0 /* IPlugBase.cpp */ = {isa = PBXFileReference; fileEncoding = 4; lastKnownFileType = sourcecode.cpp.cpp; path = IPlugBase.cpp; sourceTree = "<group>"; };
		52A215760D11C20C006341F0 /* IPlugVST.h */ = {isa = PBXFileReference; fileEncoding = 4; lastKnownFileType = sourcecode.c.h; path = IPlugVST.h; sourceTree = "<group>"; };
		52A215770D11C20C006341F0 /* IPlugVST.cpp */ = {isa = PBXFileReference; fileEncoding = 4; lastKnownFileType = sourcecode.cpp.cpp; path = IPlugVST.cpp; sourceTree = "<group>"; };
		52A4AB420D2BFA510042A248 /* IGraphicsCarbon.h */ = {isa = PBXFileReference; fileEncoding = 4; lastKnownFileType = sourcecode.c.h; path = IGraphicsCarbon.h; sourceTree = "<group>"; };
		52A4AB430D2BFA510042A248 /* IGraphicsCarbon.cpp */ = {isa = PBXFileReference; fileEncoding = 4; lastKnownFileType = sourcecode.cpp.cpp; path = IGraphicsCarbon.cpp; sourceTree = "<group>"; };
		52C4DA4E0D0E50F90007A920 /* Carbon.framework */ = {isa = PBXFileReference; lastKnownFileType = wrapper.framework; name = Carbon.framework; path = /System/Library/Frameworks/Carbon.framework; sourceTree = "<absolute>"; };
		52E41BA70D14C09E00A0943B /* IPlugAU.h */ = {isa = PBXFileReference; fileEncoding = 4; lastKnownFileType = sourcecode.c.h; path = IPlugAU.h; sourceTree = "<group>"; };
		52E41BA80D14C09E00A0943B /* IPlugAU.cpp */ = {isa = PBXFileReference; fileEncoding = 4; lastKnownFileType = sourcecode.cpp.cpp; path = IPlugAU.cpp; sourceTree = "<group>"; };
		52FBBE870D0CF0D3001C8B8A /* Containers.h */ = {isa = PBXFileReference; fileEncoding = 4; lastKnownFileType = sourcecode.c.h; path = Containers.h; sourceTree = "<group>"; };
		52FBBE880D0CF0D3001C8B8A /* IControl.cpp */ = {isa = PBXFileReference; fileEncoding = 4; lastKnownFileType = sourcecode.cpp.cpp; path = IControl.cpp; sourceTree = "<group>"; };
		52FBBE890D0CF0D3001C8B8A /* IControl.h */ = {isa = PBXFileReference; fileEncoding = 4; lastKnownFileType = sourcecode.c.h; path = IControl.h; sourceTree = "<group>"; };
		52FBBE8A0D0CF0D3001C8B8A /* IGraphics.cpp */ = {isa = PBXFileReference; fileEncoding = 4; lastKnownFileType = sourcecode.cpp.cpp; path = IGraphics.cpp; sourceTree = "<group>"; };
		52FBBE8B0D0CF0D3001C8B8A /* IGraphics.h */ = {isa = PBXFileReference; fileEncoding = 4; lastKnownFileType = sourcecode.c.h; path = IGraphics.h; sourceTree = "<group>"; };
		52FBBE8D0D0CF0D3001C8B8A /* IGraphicsCocoa.mm */ = {isa = PBXFileReference; fileEncoding = 4; lastKnownFileType = sourcecode.cpp.objcpp; path = IGraphicsCocoa.mm; sourceTree = "<group>"; };
		52FBBE8E0D0CF0D3001C8B8A /* IGraphicsLice.cpp */ = {isa = PBXFileReference; fileEncoding = 4; lastKnownFileType = sourcecode.cpp.cpp; path = IGraphicsLice.cpp; sourceTree = "<group>"; };
		52FBBE8F0D0CF0D3001C8B8A /* IGraphicsLice.h */ = {isa = PBXFileReference; fileEncoding = 4; lastKnownFileType = sourcecode.c.h; path = IGraphicsLice.h; sourceTree = "<group>"; };
		52FBBE910D0CF0D3001C8B8A /* IGraphicsMac.h */ = {isa = PBXFileReference; fileEncoding = 4; lastKnownFileType = sourcecode.c.h; path = IGraphicsMac.h; sourceTree = "<group>"; };
		52FBBE920D0CF0D3001C8B8A /* IGraphicsMac.mm */ = {isa = PBXFileReference; fileEncoding = 4; lastKnownFileType = sourcecode.cpp.objcpp; path = IGraphicsMac.mm; sourceTree = "<group>"; };
		52FBBE960D0CF0D3001C8B8A /* IParam.cpp */ = {isa = PBXFileReference; fileEncoding = 4; lastKnownFileType = sourcecode.cpp.cpp; path = IParam.cpp; sourceTree = "<group>"; };
		52FBBE970D0CF0D3001C8B8A /* IParam.h */ = {isa = PBXFileReference; fileEncoding = 4; lastKnownFileType = sourcecode.c.h; path = IParam.h; sourceTree = "<group>"; };
		52FBBE9F0D0CF0D3001C8B8A /* IPlugStructs.cpp */ = {isa = PBXFileReference; fileEncoding = 4; lastKnownFileType = sourcecode.cpp.cpp; path = IPlugStructs.cpp; sourceTree = "<group>"; };
		52FBBEA00D0CF0D3001C8B8A /* IPlugStructs.h */ = {isa = PBXFileReference; fileEncoding = 4; lastKnownFileType = sourcecode.c.h; path = IPlugStructs.h; sourceTree = "<group>"; };
		52FBBEA10D0CF0D3001C8B8A /* Log.cpp */ = {isa = PBXFileReference; fileEncoding = 4; lastKnownFileType = sourcecode.cpp.cpp; path = Log.cpp; sourceTree = "<group>"; };
		52FBBEA20D0CF0D3001C8B8A /* Log.h */ = {isa = PBXFileReference; fileEncoding = 4; lastKnownFileType = sourcecode.c.h; path = Log.h; sourceTree = "<group>"; };
		D2AAC07E0554694100DB518D /* libIPlug.a */ = {isa = PBXFileReference; explicitFileType = archive.ar; includeInIndex = 0; path = libIPlug.a; sourceTree = BUILT_PRODUCTS_DIR; };
		D2F7E8BE07B2D77200F64583 /* CoreData.framework */ = {isa = PBXFileReference; lastKnownFileType = wrapper.framework; name = CoreData.framework; path = /System/Library/Frameworks/CoreData.framework; sourceTree = "<absolute>"; };
/* End PBXFileReference section */

/* Begin PBXFrameworksBuildPhase section */
		D2AAC07C0554694100DB518D /* Frameworks */ = {
			isa = PBXFrameworksBuildPhase;
			buildActionMask = 2147483647;
			files = (
				D2AAC088055469A000DB518D /* Cocoa.framework in Frameworks */,
				52C4DA4F0D0E50F90007A920 /* Carbon.framework in Frameworks */,
			);
			runOnlyForDeploymentPostprocessing = 0;
		};
/* End PBXFrameworksBuildPhase section */

/* Begin PBXGroup section */
		034768DFFF38A50411DB9C8B /* Products */ = {
			isa = PBXGroup;
			children = (
				D2AAC07E0554694100DB518D /* libIPlug.a */,
			);
			name = Products;
			sourceTree = "<group>";
		};
		0867D691FE84028FC02AAC07 /* IPlug */ = {
			isa = PBXGroup;
			children = (
				452A875D0FCBFF5B00360071 /* LICE */,
				452A874D0FCBFE1900360071 /* VST_SDK */,
				52FBBE770D0CF0D3001C8B8A /* IPlug */,
				08FB77AEFE84172EC02AAC07 /* Classes */,
				32C88DFF0371C24200C91783 /* Other Sources */,
				0867D69AFE84028FC02AAC07 /* External Frameworks and Libraries */,
				034768DFFF38A50411DB9C8B /* Products */,
			);
			name = IPlug;
			sourceTree = "<group>";
		};
		0867D69AFE84028FC02AAC07 /* External Frameworks and Libraries */ = {
			isa = PBXGroup;
			children = (
				1058C7B0FEA5585E11CA2CBB /* Linked Frameworks */,
				1058C7B2FEA5585E11CA2CBB /* Other Frameworks */,
			);
			name = "External Frameworks and Libraries";
			sourceTree = "<group>";
		};
		08FB77AEFE84172EC02AAC07 /* Classes */ = {
			isa = PBXGroup;
			children = (
			);
			name = Classes;
			sourceTree = "<group>";
		};
		1058C7B0FEA5585E11CA2CBB /* Linked Frameworks */ = {
			isa = PBXGroup;
			children = (
				52C4DA4E0D0E50F90007A920 /* Carbon.framework */,
				1058C7B1FEA5585E11CA2CBB /* Cocoa.framework */,
			);
			name = "Linked Frameworks";
			sourceTree = "<group>";
		};
		1058C7B2FEA5585E11CA2CBB /* Other Frameworks */ = {
			isa = PBXGroup;
			children = (
				0867D6A5FE840307C02AAC07 /* AppKit.framework */,
				D2F7E8BE07B2D77200F64583 /* CoreData.framework */,
				0867D69BFE84028FC02AAC07 /* Foundation.framework */,
			);
			name = "Other Frameworks";
			sourceTree = "<group>";
		};
		32C88DFF0371C24200C91783 /* Other Sources */ = {
			isa = PBXGroup;
			children = (
				32DBCF5E0370ADEE00C91783 /* IPlug_Prefix.pch */,
			);
			name = "Other Sources";
			sourceTree = "<group>";
		};
		452A874D0FCBFE1900360071 /* VST_SDK */ = {
			isa = PBXGroup;
			children = (
				452A874E0FCBFE1900360071 /* aeffect.h */,
				452A874F0FCBFE1900360071 /* aeffectx.h */,
			);
			name = VST_SDK;
			path = ../../VST_SDK;
			sourceTree = SOURCE_ROOT;
		};
		452A875D0FCBFF5B00360071 /* LICE */ = {
			isa = PBXGroup;
			children = (
				452A88EB0FCC0A1E00360071 /* zlib */,
				452A88E80FCC09FD00360071 /* jpeglib */,
				452A88E70FCC09EF00360071 /* libpng */,
				452A87670FCBFFDD00360071 /* lice_arc.cpp */,
				452A87680FCBFFDD00360071 /* lice_bezier.h */,
				452A87690FCBFFDD00360071 /* lice_bmp.cpp */,
				452A876A0FCBFFDD00360071 /* lice_colorspace.cpp */,
				452A876B0FCBFFDD00360071 /* lice_combine.h */,
				452A876C0FCBFFDD00360071 /* lice_extended.h */,
				452A87730FCBFFDD00360071 /* lice_image.cpp */,
				452A87740FCBFFDD00360071 /* lice_jpg.cpp */,
				452A87750FCBFFDD00360071 /* lice_line.cpp */,
				452A87780FCBFFDD00360071 /* lice_png.cpp */,
				452A877B0FCBFFDD00360071 /* lice_text.cpp */,
				452A877C0FCBFFDD00360071 /* lice_text.h */,
				452A877D0FCBFFDD00360071 /* lice_textnew.cpp */,
				452A877E0FCBFFDD00360071 /* lice.cpp */,
				452A87810FCBFFDD00360071 /* lice.h */,
				452A87600FCBFFA500360071 /* SWELL */,
			);
			name = LICE;
			sourceTree = "<group>";
		};
		452A87600FCBFFA500360071 /* SWELL */ = {
			isa = PBXGroup;
			children = (
				45B61BC510B15E25009E1E8C /* swell-gdi.mm */,
				452A8A020FCC0F4E00360071 /* swell-internal.h */,
				452A87A40FCC004600360071 /* swell.h */,
			);
			name = SWELL;
			sourceTree = "<group>";
		};
		452A88E70FCC09EF00360071 /* libpng */ = {
			isa = PBXGroup;
			children = (
				452A89960FCC0A6500360071 /* png.c */,
				452A89970FCC0A6500360071 /* png.h */,
				452A89980FCC0A6500360071 /* pngconf.h */,
				452A89990FCC0A6500360071 /* pngerror.c */,
				452A899A0FCC0A6500360071 /* pnggccrd.c */,
				452A899B0FCC0A6500360071 /* pngget.c */,
				452A899C0FCC0A6500360071 /* pngmem.c */,
				452A899D0FCC0A6500360071 /* pngpread.c */,
				452A899E0FCC0A6500360071 /* pngread.c */,
				452A899F0FCC0A6500360071 /* pngrtran.c */,
				452A89A00FCC0A6500360071 /* pngrutil.c */,
				452A89A10FCC0A6500360071 /* pngset.c */,
				452A89A30FCC0A6500360071 /* pngtrans.c */,
				452A89A40FCC0A6500360071 /* pngvcrd.c */,
				452A89A50FCC0A6500360071 /* pngwio.c */,
				452A89A70FCC0A6500360071 /* pngwtran.c */,
				452A89A80FCC0A6500360071 /* pngwutil.c */,
				452A89A90FCC0A6500360071 /* pngrio.c */,
			);
			name = libpng;
			sourceTree = "<group>";
		};
		452A88E80FCC09FD00360071 /* jpeglib */ = {
			isa = PBXGroup;
			children = (
				452A89220FCC0A4C00360071 /* jcapimin.c */,
				452A89230FCC0A4C00360071 /* jcapistd.c */,
				452A89240FCC0A4C00360071 /* jccoefct.c */,
				452A89250FCC0A4C00360071 /* jccolor.c */,
				452A89260FCC0A4C00360071 /* jcdctmgr.c */,
				452A89270FCC0A4C00360071 /* jchuff.c */,
				452A89280FCC0A4C00360071 /* jchuff.h */,
				452A89290FCC0A4C00360071 /* jcinit.c */,
				452A892A0FCC0A4C00360071 /* jcmainct.c */,
				452A892B0FCC0A4C00360071 /* jcmarker.c */,
				452A892C0FCC0A4C00360071 /* jcmaster.c */,
				452A892D0FCC0A4C00360071 /* jcomapi.c */,
				452A892E0FCC0A4C00360071 /* jconfig.h */,
				452A892F0FCC0A4C00360071 /* jcparam.c */,
				452A89300FCC0A4C00360071 /* jcphuff.c */,
				452A89310FCC0A4C00360071 /* jcprepct.c */,
				452A89320FCC0A4C00360071 /* jcsample.c */,
				452A89330FCC0A4C00360071 /* jctrans.c */,
				452A89340FCC0A4C00360071 /* jdapimin.c */,
				452A89350FCC0A4C00360071 /* jdapistd.c */,
				452A89360FCC0A4C00360071 /* jdatadst.c */,
				452A89370FCC0A4C00360071 /* jdatasrc.c */,
				452A89380FCC0A4C00360071 /* jdcoefct.c */,
				452A89390FCC0A4C00360071 /* jdcolor.c */,
				452A893A0FCC0A4C00360071 /* jdct.h */,
				452A893B0FCC0A4C00360071 /* jddctmgr.c */,
				452A893C0FCC0A4C00360071 /* jdhuff.c */,
				452A893D0FCC0A4C00360071 /* jdhuff.h */,
				452A893E0FCC0A4C00360071 /* jdinput.c */,
				452A893F0FCC0A4C00360071 /* jdmainct.c */,
				452A89400FCC0A4C00360071 /* jdmarker.c */,
				452A89410FCC0A4C00360071 /* jdmaster.c */,
				452A89420FCC0A4C00360071 /* jdmerge.c */,
				452A89430FCC0A4C00360071 /* jdphuff.c */,
				452A89440FCC0A4C00360071 /* jdpostct.c */,
				452A89450FCC0A4C00360071 /* jdsample.c */,
				452A89460FCC0A4C00360071 /* jdtrans.c */,
				452A89470FCC0A4C00360071 /* jerror.c */,
				452A89480FCC0A4C00360071 /* jerror.h */,
				452A89490FCC0A4C00360071 /* jfdctflt.c */,
				452A894A0FCC0A4C00360071 /* jfdctfst.c */,
				452A894B0FCC0A4C00360071 /* jfdctint.c */,
				452A894C0FCC0A4C00360071 /* jidctflt.c */,
				452A894D0FCC0A4C00360071 /* jidctfst.c */,
				452A894E0FCC0A4C00360071 /* jidctint.c */,
				452A894F0FCC0A4C00360071 /* jidctred.c */,
				452A89500FCC0A4C00360071 /* jinclude.h */,
				452A89510FCC0A4C00360071 /* jmemmgr.c */,
				452A89520FCC0A4C00360071 /* jmemnobs.c */,
				452A89530FCC0A4C00360071 /* jmemsys.h */,
				452A89540FCC0A4C00360071 /* jmorecfg.h */,
				452A89550FCC0A4C00360071 /* jpegint.h */,
				452A89560FCC0A4C00360071 /* jpeglib.h */,
				452A89570FCC0A4C00360071 /* jquant1.c */,
				452A89580FCC0A4C00360071 /* jquant2.c */,
				452A89590FCC0A4C00360071 /* jutils.c */,
				452A895A0FCC0A4C00360071 /* jversion.h */,
			);
			name = jpeglib;
			sourceTree = "<group>";
		};
		452A88EB0FCC0A1E00360071 /* zlib */ = {
			isa = PBXGroup;
			children = (
				452A88ED0FCC0A2D00360071 /* adler32.c */,
				452A88EE0FCC0A2D00360071 /* compress.c */,
				452A88EF0FCC0A2D00360071 /* crc32.c */,
				452A88F00FCC0A2D00360071 /* crc32.h */,
				452A88F10FCC0A2D00360071 /* deflate.c */,
				452A88F20FCC0A2D00360071 /* deflate.h */,
				452A88F40FCC0A2D00360071 /* infback.c */,
				452A88F50FCC0A2D00360071 /* inffast.c */,
				452A88F60FCC0A2D00360071 /* inffast.h */,
				452A88F70FCC0A2D00360071 /* inffixed.h */,
				452A88F80FCC0A2D00360071 /* inflate.c */,
				452A88F90FCC0A2D00360071 /* inflate.h */,
				452A88FA0FCC0A2D00360071 /* inftrees.c */,
				452A88FB0FCC0A2D00360071 /* inftrees.h */,
				452A88FC0FCC0A2D00360071 /* minigzip.c */,
				452A88FD0FCC0A2D00360071 /* trees.c */,
				452A88FE0FCC0A2D00360071 /* trees.h */,
				452A88FF0FCC0A2D00360071 /* uncompr.c */,
				452A89000FCC0A2D00360071 /* zconf.h */,
				452A89010FCC0A2D00360071 /* zconf.in.h */,
				452A89020FCC0A2D00360071 /* zlib.h */,
				452A89030FCC0A2D00360071 /* zutil.c */,
				452A89040FCC0A2D00360071 /* zutil.h */,
				452A89050FCC0A2D00360071 /* gzio.c */,
			);
			name = zlib;
			sourceTree = "<group>";
		};
		52FBBE770D0CF0D3001C8B8A /* IPlug */ = {
			isa = PBXGroup;
			children = (
				521F387D0D1704080060FE32 /* IPlug_include_in_plug_src.h */,
				521F387E0D1704080060FE32 /* IPlug_include_in_plug_hdr.h */,
				52E41BA70D14C09E00A0943B /* IPlugAU.h */,
				52E41BA80D14C09E00A0943B /* IPlugAU.cpp */,
				52A215760D11C20C006341F0 /* IPlugVST.h */,
				52A215770D11C20C006341F0 /* IPlugVST.cpp */,
				52A2156E0D11C200006341F0 /* IPlugBase.h */,
				52A2156F0D11C200006341F0 /* IPlugBase.cpp */,
				52A2156C0D11C1EC006341F0 /* Hosts.cpp */,
				52A2156A0D11C1E4006341F0 /* Hosts.h */,
				52FBBE870D0CF0D3001C8B8A /* Containers.h */,
				52FBBE880D0CF0D3001C8B8A /* IControl.cpp */,
				52FBBE890D0CF0D3001C8B8A /* IControl.h */,
				52FBBE8A0D0CF0D3001C8B8A /* IGraphics.cpp */,
				52FBBE8B0D0CF0D3001C8B8A /* IGraphics.h */,
				52A4AB420D2BFA510042A248 /* IGraphicsCarbon.h */,
				52A4AB430D2BFA510042A248 /* IGraphicsCarbon.cpp */,
				52780D4B0D20A1A000C2BCA7 /* IGraphicsCocoa.h */,
				52FBBE8D0D0CF0D3001C8B8A /* IGraphicsCocoa.mm */,
				52FBBE8E0D0CF0D3001C8B8A /* IGraphicsLice.cpp */,
				52FBBE8F0D0CF0D3001C8B8A /* IGraphicsLice.h */,
				52FBBE910D0CF0D3001C8B8A /* IGraphicsMac.h */,
				52FBBE920D0CF0D3001C8B8A /* IGraphicsMac.mm */,
				52FBBE960D0CF0D3001C8B8A /* IParam.cpp */,
				52FBBE970D0CF0D3001C8B8A /* IParam.h */,
				52FBBE9F0D0CF0D3001C8B8A /* IPlugStructs.cpp */,
				52FBBEA00D0CF0D3001C8B8A /* IPlugStructs.h */,
				52FBBEA10D0CF0D3001C8B8A /* Log.cpp */,
				52FBBEA20D0CF0D3001C8B8A /* Log.h */,
			);
			name = IPlug;
			sourceTree = "<group>";
		};
/* End PBXGroup section */

/* Begin PBXHeadersBuildPhase section */
		D2AAC07A0554694100DB518D /* Headers */ = {
			isa = PBXHeadersBuildPhase;
			buildActionMask = 2147483647;
			files = (
				52FBBEA60D0CF0D3001C8B8A /* Containers.h in Headers */,
				52FBBEA80D0CF0D3001C8B8A /* IControl.h in Headers */,
				52FBBEAA0D0CF0D3001C8B8A /* IGraphics.h in Headers */,
				52FBBEAE0D0CF0D3001C8B8A /* IGraphicsLice.h in Headers */,
				52FBBEB00D0CF0D3001C8B8A /* IGraphicsMac.h in Headers */,
				52FBBEB60D0CF0D3001C8B8A /* IParam.h in Headers */,
				52FBBEBC0D0CF0D3001C8B8A /* IPlugStructs.h in Headers */,
				52FBBEBE0D0CF0D3001C8B8A /* Log.h in Headers */,
				52A2156B0D11C1E4006341F0 /* Hosts.h in Headers */,
				52A215720D11C200006341F0 /* IPlugBase.h in Headers */,
				52A215780D11C20C006341F0 /* IPlugVST.h in Headers */,
				52E41BA90D14C09E00A0943B /* IPlugAU.h in Headers */,
				521F387F0D1704080060FE32 /* IPlug_include_in_plug_src.h in Headers */,
				521F38800D1704080060FE32 /* IPlug_include_in_plug_hdr.h in Headers */,
				52780D4C0D20A1A000C2BCA7 /* IGraphicsCocoa.h in Headers */,
				52A4AB440D2BFA510042A248 /* IGraphicsCarbon.h in Headers */,
				452A87500FCBFE1900360071 /* aeffect.h in Headers */,
				452A87510FCBFE1900360071 /* aeffectx.h in Headers */,
				452A87840FCBFFDD00360071 /* lice_bezier.h in Headers */,
				452A87870FCBFFDD00360071 /* lice_combine.h in Headers */,
				452A87880FCBFFDD00360071 /* lice_extended.h in Headers */,
				452A87980FCBFFDD00360071 /* lice_text.h in Headers */,
				452A879B0FCBFFDD00360071 /* lice.h in Headers */,
				452A87A50FCC004600360071 /* swell.h in Headers */,
				452A89090FCC0A2D00360071 /* crc32.h in Headers */,
				452A890B0FCC0A2D00360071 /* deflate.h in Headers */,
				452A890F0FCC0A2D00360071 /* inffast.h in Headers */,
				452A89100FCC0A2D00360071 /* inffixed.h in Headers */,
				452A89120FCC0A2D00360071 /* inflate.h in Headers */,
				452A89140FCC0A2D00360071 /* inftrees.h in Headers */,
				452A89170FCC0A2D00360071 /* trees.h in Headers */,
				452A89190FCC0A2D00360071 /* zconf.h in Headers */,
				452A891A0FCC0A2D00360071 /* zconf.in.h in Headers */,
				452A891B0FCC0A2D00360071 /* zlib.h in Headers */,
				452A891D0FCC0A2D00360071 /* zutil.h in Headers */,
				452A89630FCC0A4C00360071 /* jchuff.h in Headers */,
				452A89690FCC0A4C00360071 /* jconfig.h in Headers */,
				452A89750FCC0A4C00360071 /* jdct.h in Headers */,
				452A89780FCC0A4C00360071 /* jdhuff.h in Headers */,
				452A89830FCC0A4C00360071 /* jerror.h in Headers */,
				452A898B0FCC0A4C00360071 /* jinclude.h in Headers */,
				452A898E0FCC0A4C00360071 /* jmemsys.h in Headers */,
				452A898F0FCC0A4C00360071 /* jmorecfg.h in Headers */,
				452A89900FCC0A4C00360071 /* jpegint.h in Headers */,
				452A89910FCC0A4C00360071 /* jpeglib.h in Headers */,
				452A89950FCC0A4C00360071 /* jversion.h in Headers */,
				452A89AB0FCC0A6500360071 /* png.h in Headers */,
				452A89AC0FCC0A6500360071 /* pngconf.h in Headers */,
				452A8A030FCC0F4E00360071 /* swell-internal.h in Headers */,
			);
			runOnlyForDeploymentPostprocessing = 0;
		};
/* End PBXHeadersBuildPhase section */

/* Begin PBXNativeTarget section */
		D2AAC07D0554694100DB518D /* IPlug */ = {
			isa = PBXNativeTarget;
			buildConfigurationList = 1DEB921E08733DC00010E9CD /* Build configuration list for PBXNativeTarget "IPlug" */;
			buildPhases = (
				D2AAC07A0554694100DB518D /* Headers */,
				D2AAC07B0554694100DB518D /* Sources */,
				D2AAC07C0554694100DB518D /* Frameworks */,
			);
			buildRules = (
			);
			dependencies = (
			);
			name = IPlug;
			productName = IPlug;
			productReference = D2AAC07E0554694100DB518D /* libIPlug.a */;
			productType = "com.apple.product-type.library.static";
		};
/* End PBXNativeTarget section */

/* Begin PBXProject section */
		0867D690FE84028FC02AAC07 /* Project object */ = {
			isa = PBXProject;
			buildConfigurationList = 1DEB922208733DC00010E9CD /* Build configuration list for PBXProject "IPlug" */;
			compatibilityVersion = "Xcode 3.0";
			hasScannedForEncodings = 1;
			mainGroup = 0867D691FE84028FC02AAC07 /* IPlug */;
			productRefGroup = 034768DFFF38A50411DB9C8B /* Products */;
			projectDirPath = "";
			projectRoot = "";
			targets = (
				D2AAC07D0554694100DB518D /* IPlug */,
			);
		};
/* End PBXProject section */

/* Begin PBXSourcesBuildPhase section */
		D2AAC07B0554694100DB518D /* Sources */ = {
			isa = PBXSourcesBuildPhase;
			buildActionMask = 2147483647;
			files = (
				52FBBEA70D0CF0D3001C8B8A /* IControl.cpp in Sources */,
				52FBBEA90D0CF0D3001C8B8A /* IGraphics.cpp in Sources */,
				52FBBEAC0D0CF0D3001C8B8A /* IGraphicsCocoa.mm in Sources */,
				52FBBEAD0D0CF0D3001C8B8A /* IGraphicsLice.cpp in Sources */,
				52FBBEB10D0CF0D3001C8B8A /* IGraphicsMac.mm in Sources */,
				52FBBEB50D0CF0D3001C8B8A /* IParam.cpp in Sources */,
				52FBBEBB0D0CF0D3001C8B8A /* IPlugStructs.cpp in Sources */,
				52FBBEBD0D0CF0D3001C8B8A /* Log.cpp in Sources */,
				52A2156D0D11C1EC006341F0 /* Hosts.cpp in Sources */,
				52A215730D11C200006341F0 /* IPlugBase.cpp in Sources */,
				52A215790D11C20C006341F0 /* IPlugVST.cpp in Sources */,
				52E41BAA0D14C09E00A0943B /* IPlugAU.cpp in Sources */,
				52A4AB450D2BFA510042A248 /* IGraphicsCarbon.cpp in Sources */,
				452A87830FCBFFDD00360071 /* lice_arc.cpp in Sources */,
				452A87850FCBFFDD00360071 /* lice_bmp.cpp in Sources */,
				452A87860FCBFFDD00360071 /* lice_colorspace.cpp in Sources */,
				452A878F0FCBFFDD00360071 /* lice_image.cpp in Sources */,
				452A87900FCBFFDD00360071 /* lice_jpg.cpp in Sources */,
				452A87910FCBFFDD00360071 /* lice_line.cpp in Sources */,
				452A87940FCBFFDD00360071 /* lice_png.cpp in Sources */,
				452A87970FCBFFDD00360071 /* lice_text.cpp in Sources */,
				452A87990FCBFFDD00360071 /* lice_textnew.cpp in Sources */,
				452A879A0FCBFFDD00360071 /* lice.cpp in Sources */,
				452A89060FCC0A2D00360071 /* adler32.c in Sources */,
				452A89070FCC0A2D00360071 /* compress.c in Sources */,
				452A89080FCC0A2D00360071 /* crc32.c in Sources */,
				452A890A0FCC0A2D00360071 /* deflate.c in Sources */,
				452A890D0FCC0A2D00360071 /* infback.c in Sources */,
				452A890E0FCC0A2D00360071 /* inffast.c in Sources */,
				452A89110FCC0A2D00360071 /* inflate.c in Sources */,
				452A89130FCC0A2D00360071 /* inftrees.c in Sources */,
				452A89150FCC0A2D00360071 /* minigzip.c in Sources */,
				452A89160FCC0A2D00360071 /* trees.c in Sources */,
				452A89180FCC0A2D00360071 /* uncompr.c in Sources */,
				452A891C0FCC0A2D00360071 /* zutil.c in Sources */,
				452A891E0FCC0A2D00360071 /* gzio.c in Sources */,
				452A895D0FCC0A4C00360071 /* jcapimin.c in Sources */,
				452A895E0FCC0A4C00360071 /* jcapistd.c in Sources */,
				452A895F0FCC0A4C00360071 /* jccoefct.c in Sources */,
				452A89600FCC0A4C00360071 /* jccolor.c in Sources */,
				452A89610FCC0A4C00360071 /* jcdctmgr.c in Sources */,
				452A89620FCC0A4C00360071 /* jchuff.c in Sources */,
				452A89640FCC0A4C00360071 /* jcinit.c in Sources */,
				452A89650FCC0A4C00360071 /* jcmainct.c in Sources */,
				452A89660FCC0A4C00360071 /* jcmarker.c in Sources */,
				452A89670FCC0A4C00360071 /* jcmaster.c in Sources */,
				452A89680FCC0A4C00360071 /* jcomapi.c in Sources */,
				452A896A0FCC0A4C00360071 /* jcparam.c in Sources */,
				452A896B0FCC0A4C00360071 /* jcphuff.c in Sources */,
				452A896C0FCC0A4C00360071 /* jcprepct.c in Sources */,
				452A896D0FCC0A4C00360071 /* jcsample.c in Sources */,
				452A896E0FCC0A4C00360071 /* jctrans.c in Sources */,
				452A896F0FCC0A4C00360071 /* jdapimin.c in Sources */,
				452A89700FCC0A4C00360071 /* jdapistd.c in Sources */,
				452A89710FCC0A4C00360071 /* jdatadst.c in Sources */,
				452A89720FCC0A4C00360071 /* jdatasrc.c in Sources */,
				452A89730FCC0A4C00360071 /* jdcoefct.c in Sources */,
				452A89740FCC0A4C00360071 /* jdcolor.c in Sources */,
				452A89760FCC0A4C00360071 /* jddctmgr.c in Sources */,
				452A89770FCC0A4C00360071 /* jdhuff.c in Sources */,
				452A89790FCC0A4C00360071 /* jdinput.c in Sources */,
				452A897A0FCC0A4C00360071 /* jdmainct.c in Sources */,
				452A897B0FCC0A4C00360071 /* jdmarker.c in Sources */,
				452A897C0FCC0A4C00360071 /* jdmaster.c in Sources */,
				452A897D0FCC0A4C00360071 /* jdmerge.c in Sources */,
				452A897E0FCC0A4C00360071 /* jdphuff.c in Sources */,
				452A897F0FCC0A4C00360071 /* jdpostct.c in Sources */,
				452A89800FCC0A4C00360071 /* jdsample.c in Sources */,
				452A89810FCC0A4C00360071 /* jdtrans.c in Sources */,
				452A89820FCC0A4C00360071 /* jerror.c in Sources */,
				452A89840FCC0A4C00360071 /* jfdctflt.c in Sources */,
				452A89850FCC0A4C00360071 /* jfdctfst.c in Sources */,
				452A89860FCC0A4C00360071 /* jfdctint.c in Sources */,
				452A89870FCC0A4C00360071 /* jidctflt.c in Sources */,
				452A89880FCC0A4C00360071 /* jidctfst.c in Sources */,
				452A89890FCC0A4C00360071 /* jidctint.c in Sources */,
				452A898A0FCC0A4C00360071 /* jidctred.c in Sources */,
				452A898C0FCC0A4C00360071 /* jmemmgr.c in Sources */,
				452A898D0FCC0A4C00360071 /* jmemnobs.c in Sources */,
				452A89920FCC0A4C00360071 /* jquant1.c in Sources */,
				452A89930FCC0A4C00360071 /* jquant2.c in Sources */,
				452A89940FCC0A4C00360071 /* jutils.c in Sources */,
				452A89AA0FCC0A6500360071 /* png.c in Sources */,
				452A89AD0FCC0A6500360071 /* pngerror.c in Sources */,
				452A89AE0FCC0A6500360071 /* pnggccrd.c in Sources */,
				452A89AF0FCC0A6500360071 /* pngget.c in Sources */,
				452A89B00FCC0A6500360071 /* pngmem.c in Sources */,
				452A89B10FCC0A6500360071 /* pngpread.c in Sources */,
				452A89B20FCC0A6500360071 /* pngread.c in Sources */,
				452A89B30FCC0A6500360071 /* pngrtran.c in Sources */,
				452A89B40FCC0A6500360071 /* pngrutil.c in Sources */,
				452A89B50FCC0A6500360071 /* pngset.c in Sources */,
				452A89B70FCC0A6500360071 /* pngtrans.c in Sources */,
				452A89B80FCC0A6500360071 /* pngvcrd.c in Sources */,
				452A89B90FCC0A6500360071 /* pngwio.c in Sources */,
				452A89BB0FCC0A6500360071 /* pngwtran.c in Sources */,
				452A89BC0FCC0A6500360071 /* pngwutil.c in Sources */,
				452A89BD0FCC0A6500360071 /* pngrio.c in Sources */,
				45B61BC610B15E25009E1E8C /* swell-gdi.mm in Sources */,
			);
			runOnlyForDeploymentPostprocessing = 0;
		};
/* End PBXSourcesBuildPhase section */

/* Begin XCBuildConfiguration section */
		1DEB921F08733DC00010E9CD /* Debug */ = {
			isa = XCBuildConfiguration;
			buildSettings = {
				COPY_PHASE_STRIP = NO;
				GCC_DYNAMIC_NO_PIC = NO;
				GCC_ENABLE_FIX_AND_CONTINUE = YES;
				GCC_MODEL_TUNING = G5;
				GCC_OPTIMIZATION_LEVEL = 0;
				GCC_PRECOMPILE_PREFIX_HEADER = YES;
				GCC_PREFIX_HEADER = IPlug_Prefix.pch;
				GCC_PREPROCESSOR_DEFINITIONS = _DEBUG;
				INSTALL_PATH = /usr/local/lib;
				LIBRARY_SEARCH_PATHS = (
					"$(inherited)",
					"\"$(SRCROOT)/../wdl/lice/build/Debug\"",
				);
				PRODUCT_NAME = IPlug;
				SDKROOT = "$(DEVELOPER_SDK_DIR)/MacOSX10.4u.sdk";
				ZERO_LINK = YES;
			};
			name = Debug;
		};
		1DEB922008733DC00010E9CD /* Release */ = {
			isa = XCBuildConfiguration;
			buildSettings = {
				DEBUG_INFORMATION_FORMAT = "dwarf-with-dsym";
				GCC_MODEL_TUNING = G5;
				GCC_PRECOMPILE_PREFIX_HEADER = YES;
				GCC_PREFIX_HEADER = IPlug_Prefix.pch;
				INSTALL_PATH = /usr/local/lib;
				LIBRARY_SEARCH_PATHS = (
					"$(inherited)",
					"\"$(SRCROOT)/../wdl/lice/build/Release\"",
				);
				PRODUCT_NAME = IPlug;
			};
			name = Release;
		};
		1DEB922308733DC00010E9CD /* Debug */ = {
			isa = XCBuildConfiguration;
			buildSettings = {
				ARCHS = (
					ppc,
					i386,
				);
				GCC_PREPROCESSOR_DEFINITIONS = _DEBUG;
				GCC_VERSION = 4.0;
				GCC_WARN_ABOUT_RETURN_TYPE = YES;
				GCC_WARN_UNUSED_VARIABLE = YES;
				GENERATE_PKGINFO_FILE = YES;
				INFOPLIST_EXPAND_BUILD_SETTINGS = YES;
				PREBINDING = NO;
				SDKROOT = "$(DEVELOPER_SDK_DIR)/MacOSX10.4u.sdk";
			};
			name = Debug;
		};
		1DEB922408733DC00010E9CD /* Release */ = {
			isa = XCBuildConfiguration;
			buildSettings = {
				ARCHS = (
					ppc,
					i386,
				);
				GCC_VERSION = 4.0;
				GCC_WARN_ABOUT_RETURN_TYPE = YES;
				GCC_WARN_UNUSED_VARIABLE = YES;
				GENERATE_PKGINFO_FILE = YES;
				INFOPLIST_EXPAND_BUILD_SETTINGS = YES;
				PREBINDING = NO;
				SDKROOT = "$(DEVELOPER_SDK_DIR)/MacOSX10.4u.sdk";
			};
			name = Release;
		};
		528359A40D7F0BF500577159 /* Tracer */ = {
			isa = XCBuildConfiguration;
			buildSettings = {
				ARCHS = (
					ppc,
					i386,
				);
				GCC_WARN_ABOUT_RETURN_TYPE = YES;
				GCC_WARN_UNUSED_VARIABLE = YES;
				GENERATE_PKGINFO_FILE = YES;
				INFOPLIST_EXPAND_BUILD_SETTINGS = YES;
				PREBINDING = NO;
				SDKROOT = "$(DEVELOPER_SDK_DIR)/MacOSX10.4u.sdk";
			};
			name = Tracer;
		};
		528359A50D7F0BF500577159 /* Tracer */ = {
			isa = XCBuildConfiguration;
			buildSettings = {
				DEBUG_INFORMATION_FORMAT = "dwarf-with-dsym";
				GCC_MODEL_TUNING = G5;
				GCC_PRECOMPILE_PREFIX_HEADER = YES;
				GCC_PREFIX_HEADER = IPlug_Prefix.pch;
				GCC_PREPROCESSOR_DEFINITIONS = TRACER_BUILD;
				INSTALL_PATH = /usr/local/lib;
				LIBRARY_SEARCH_PATHS = (
					"$(inherited)",
					"\"$(SRCROOT)/../wdl/lice/build/Release\"",
				);
				PRODUCT_NAME = IPlug;
			};
			name = Tracer;
		};
		52CC00400D2DFBE900EE9465 /* Reaper Special x86 */ = {
			isa = XCBuildConfiguration;
			buildSettings = {
				ARCHS = (
					ppc,
					i386,
				);
				GCC_WARN_ABOUT_RETURN_TYPE = YES;
				GCC_WARN_UNUSED_VARIABLE = YES;
				GENERATE_PKGINFO_FILE = YES;
				INFOPLIST_EXPAND_BUILD_SETTINGS = YES;
				PREBINDING = NO;
				SDKROOT = "$(DEVELOPER_SDK_DIR)/MacOSX10.4u.sdk";
			};
			name = "Reaper Special x86";
		};
		52CC00410D2DFBE900EE9465 /* Reaper Special x86 */ = {
			isa = XCBuildConfiguration;
			buildSettings = {
				DEBUG_INFORMATION_FORMAT = "dwarf-with-dsym";
				GCC_MODEL_TUNING = G5;
				GCC_PRECOMPILE_PREFIX_HEADER = YES;
				GCC_PREFIX_HEADER = IPlug_Prefix.pch;
				GCC_PREPROCESSOR_DEFINITIONS = REAPER_SPECIAL;
				INSTALL_PATH = /usr/local/lib;
				LIBRARY_SEARCH_PATHS = (
					"$(inherited)",
					"\"$(SRCROOT)/../wdl/lice/build/Release\"",
				);
				PRODUCT_NAME = IPlug;
			};
			name = "Reaper Special x86";
		};
		52CC00440D2DFC3900EE9465 /* Reaper Special ppc */ = {
			isa = XCBuildConfiguration;
			buildSettings = {
				ARCHS = (
					ppc,
					i386,
				);
				GCC_WARN_ABOUT_RETURN_TYPE = YES;
				GCC_WARN_UNUSED_VARIABLE = YES;
				GENERATE_PKGINFO_FILE = YES;
				INFOPLIST_EXPAND_BUILD_SETTINGS = YES;
				PREBINDING = NO;
				SDKROOT = "$(DEVELOPER_SDK_DIR)/MacOSX10.4u.sdk";
			};
			name = "Reaper Special ppc";
		};
		52CC00450D2DFC3900EE9465 /* Reaper Special ppc */ = {
			isa = XCBuildConfiguration;
			buildSettings = {
				DEBUG_INFORMATION_FORMAT = "dwarf-with-dsym";
				GCC_MODEL_TUNING = G5;
				GCC_PRECOMPILE_PREFIX_HEADER = YES;
				GCC_PREFIX_HEADER = IPlug_Prefix.pch;
				GCC_PREPROCESSOR_DEFINITIONS = REAPER_SPECIAL;
				INSTALL_PATH = /usr/local/lib;
				LIBRARY_SEARCH_PATHS = (
					"$(inherited)",
					"\"$(SRCROOT)/../wdl/lice/build/Release\"",
				);
				PRODUCT_NAME = IPlug;
			};
			name = "Reaper Special ppc";
		};
/* End XCBuildConfiguration section */

/* Begin XCConfigurationList section */
		1DEB921E08733DC00010E9CD /* Build configuration list for PBXNativeTarget "IPlug" */ = {
			isa = XCConfigurationList;
			buildConfigurations = (
				1DEB921F08733DC00010E9CD /* Debug */,
				1DEB922008733DC00010E9CD /* Release */,
				528359A50D7F0BF500577159 /* Tracer */,
				52CC00410D2DFBE900EE9465 /* Reaper Special x86 */,
				52CC00450D2DFC3900EE9465 /* Reaper Special ppc */,
			);
			defaultConfigurationIsVisible = 0;
			defaultConfigurationName = Release;
		};
		1DEB922208733DC00010E9CD /* Build configuration list for PBXProject "IPlug" */ = {
			isa = XCConfigurationList;
			buildConfigurations = (
				1DEB922308733DC00010E9CD /* Debug */,
				1DEB922408733DC00010E9CD /* Release */,
				528359A40D7F0BF500577159 /* Tracer */,
				52CC00400D2DFBE900EE9465 /* Reaper Special x86 */,
				52CC00440D2DFC3900EE9465 /* Reaper Special ppc */,
			);
			defaultConfigurationIsVisible = 0;
			defaultConfigurationName = Release;
		};
/* End XCConfigurationList section */
	};
	rootObject = 0867D690FE84028FC02AAC07 /* Project object */;
}
